Microsoft Visual Studio Solution File, Format Version 9.00
# Visual Studio 2005
Project("{F184B08F-C81C-45F6-A57F-5ABD9991F28F}") = "NormsApplication", "NormsApplication\NormsApplication.vbproj", "{118219D0-CF71-4470-A77B-A8E51260A455}"
	ProjectSection(WebsiteProperties) = preProject
		Debug.AspNetCompiler.Debug = "True"
		Release.AspNetCompiler.Debug = "False"
	EndProjectSection
EndProject
Project("{F184B08F-C81C-45F6-A57F-5ABD9991F28F}") = "NormsApplicationBusinessObjectsLibrary", "NormsApplicationBusinessObjectsLibrary\NormsApplicationBusinessObjectsLibrary.vbproj", "{E26C036C-D15B-44A0-AC88-CFF749D93F3E}"
	ProjectSection(WebsiteProperties) = preProject
		Debug.AspNetCompiler.Debug = "True"
		Release.AspNetCompiler.Debug = "False"
	EndProjectSection
EndProject
Project("{2150E333-8FDC-42A3-9474-1A3956D46DE8}") = "Solution Items", "Solution Items", "{558CC5CB-3D18-47CB-A3FC-4E8761B66510}"
	ProjectSection(WebsiteProperties) = preProject
		Debug.AspNetCompiler.Debug = "True"
		Release.AspNetCompiler.Debug = "False"
	EndProjectSection
	ProjectSection(SolutionItems) = preProject
		ReleaseNotes.doc = ReleaseNotes.doc
	EndProjectSection
EndProject
Global
	GlobalSection(TeamFoundationVersionControl) = preSolution
		SccNumberOfProjects = 3
		SccEnterpriseProvider = {4CA58AB2-18FA-4F8D-95D4-32DDF27D184C}
		SccTeamFoundationServer = http://perseus:8080/
		SccLocalPath0 = .
		SccProjectUniqueName1 = NormsApplication\\NormsApplication.vbproj
		SccProjectName1 = NormsApplication
		SccLocalPath1 = NormsApplication
		SccProjectUniqueName2 = NormsApplicationBusinessObjectsLibrary\\NormsApplicationBusinessObjectsLibrary.vbproj
		SccProjectName2 = NormsApplicationBusinessObjectsLibrary
		SccLocalPath2 = NormsApplicationBusinessObjectsLibrary
	EndGlobalSection
	GlobalSection(SolutionConfigurationPlatforms) = preSolution
		Debug|Any CPU = Debug|Any CPU
		DebugLocal|Any CPU = DebugLocal|Any CPU
		Production|Any CPU = Production|Any CPU
		Release|Any CPU = Release|Any CPU
	EndGlobalSection
	GlobalSection(ProjectConfigurationPlatforms) = postSolution
		{118219D0-CF71-4470-A77B-A8E51260A455}.Debug|Any CPU.ActiveCfg = Debug|Any CPU
		{118219D0-CF71-4470-A77B-A8E51260A455}.Debug|Any CPU.Build.0 = Debug|Any CPU
		{118219D0-CF71-4470-A77B-A8E51260A455}.DebugLocal|Any CPU.ActiveCfg = Debug|Any CPU
		{118219D0-CF71-4470-A77B-A8E51260A455}.DebugLocal|Any CPU.Build.0 = Debug|Any CPU
		{118219D0-CF71-4470-A77B-A8E51260A455}.Production|Any CPU.ActiveCfg = Release|Any CPU
		{118219D0-CF71-4470-A77B-A8E51260A455}.Production|Any CPU.Build.0 = Release|Any CPU
		{118219D0-CF71-4470-A77B-A8E51260A455}.Release|Any CPU.ActiveCfg = Release|Any CPU
		{118219D0-CF71-4470-A77B-A8E51260A455}.Release|Any CPU.Build.0 = Release|Any CPU
		{E26C036C-D15B-44A0-AC88-CFF749D93F3E}.Debug|Any CPU.ActiveCfg = Debug|Any CPU
		{E26C036C-D15B-44A0-AC88-CFF749D93F3E}.Debug|Any CPU.Build.0 = Debug|Any CPU
		{E26C036C-D15B-44A0-AC88-CFF749D93F3E}.DebugLocal|Any CPU.ActiveCfg = Debug|Any CPU
		{E26C036C-D15B-44A0-AC88-CFF749D93F3E}.DebugLocal|Any CPU.Build.0 = Debug|Any CPU
		{E26C036C-D15B-44A0-AC88-CFF749D93F3E}.Production|Any CPU.ActiveCfg = Release|Any CPU
		{E26C036C-D15B-44A0-AC88-CFF749D93F3E}.Production|Any CPU.Build.0 = Release|Any CPU
		{E26C036C-D15B-44A0-AC88-CFF749D93F3E}.Release|Any CPU.ActiveCfg = Release|Any CPU
		{E26C036C-D15B-44A0-AC88-CFF749D93F3E}.Release|Any CPU.Build.0 = Release|Any CPU
	EndGlobalSection
	GlobalSection(SolutionProperties) = preSolution
		HideSolutionNode = FALSE
	EndGlobalSection
EndGlobal
