
Microsoft Visual Studio Solution File, Format Version 11.00
# Visual Studio 2010
Project("{FAE04EC0-301F-11D3-BF4B-00C04F79EFBC}") = "PCLGenWatchdog", "PCLGenWatchdog.csproj", "{26F33BD9-C474-4E13-9D47-C8A0FA62FB5E}"
EndProject
Project("{FAE04EC0-301F-11D3-BF4B-00C04F79EFBC}") = "RemoteMonitoringService", "RemoteMonitoringService\RemoteMonitoringService.csproj", "{C2DE4285-8054-4281-BF2D-33AD1988309F}"
EndProject
Global
	GlobalSection(SolutionConfigurationPlatforms) = preSolution
		Debug|Any CPU = Debug|Any CPU
		Debug|Mixed Platforms = Debug|Mixed Platforms
		Debug|x86 = Debug|x86
		Release|Any CPU = Release|Any CPU
		Release|Mixed Platforms = Release|Mixed Platforms
		Release|x86 = Release|x86
	EndGlobalSection
	GlobalSection(ProjectConfigurationPlatforms) = postSolution
		{26F33BD9-C474-4E13-9D47-C8A0FA62FB5E}.Debug|Any CPU.ActiveCfg = Debug|x86
		{26F33BD9-C474-4E13-9D47-C8A0FA62FB5E}.Debug|Mixed Platforms.ActiveCfg = Debug|x86
		{26F33BD9-C474-4E13-9D47-C8A0FA62FB5E}.Debug|Mixed Platforms.Build.0 = Debug|x86
		{26F33BD9-C474-4E13-9D47-C8A0FA62FB5E}.Debug|x86.ActiveCfg = Debug|x86
		{26F33BD9-C474-4E13-9D47-C8A0FA62FB5E}.Debug|x86.Build.0 = Debug|x86
		{26F33BD9-C474-4E13-9D47-C8A0FA62FB5E}.Release|Any CPU.ActiveCfg = Release|x86
		{26F33BD9-C474-4E13-9D47-C8A0FA62FB5E}.Release|Mixed Platforms.ActiveCfg = Release|x86
		{26F33BD9-C474-4E13-9D47-C8A0FA62FB5E}.Release|Mixed Platforms.Build.0 = Release|x86
		{26F33BD9-C474-4E13-9D47-C8A0FA62FB5E}.Release|x86.ActiveCfg = Release|x86
		{26F33BD9-C474-4E13-9D47-C8A0FA62FB5E}.Release|x86.Build.0 = Release|x86
		{C2DE4285-8054-4281-BF2D-33AD1988309F}.Debug|Any CPU.ActiveCfg = Debug|Any CPU
		{C2DE4285-8054-4281-BF2D-33AD1988309F}.Debug|Any CPU.Build.0 = Debug|Any CPU
		{C2DE4285-8054-4281-BF2D-33AD1988309F}.Debug|Mixed Platforms.ActiveCfg = Debug|Any CPU
		{C2DE4285-8054-4281-BF2D-33AD1988309F}.Debug|Mixed Platforms.Build.0 = Debug|Any CPU
		{C2DE4285-8054-4281-BF2D-33AD1988309F}.Debug|x86.ActiveCfg = Debug|Any CPU
		{C2DE4285-8054-4281-BF2D-33AD1988309F}.Release|Any CPU.ActiveCfg = Release|Any CPU
		{C2DE4285-8054-4281-BF2D-33AD1988309F}.Release|Any CPU.Build.0 = Release|Any CPU
		{C2DE4285-8054-4281-BF2D-33AD1988309F}.Release|Mixed Platforms.ActiveCfg = Release|Any CPU
		{C2DE4285-8054-4281-BF2D-33AD1988309F}.Release|Mixed Platforms.Build.0 = Release|Any CPU
		{C2DE4285-8054-4281-BF2D-33AD1988309F}.Release|x86.ActiveCfg = Release|Any CPU
	EndGlobalSection
	GlobalSection(SolutionProperties) = preSolution
		HideSolutionNode = FALSE
	EndGlobalSection
EndGlobal
