
Microsoft Visual Studio Solution File, Format Version 12.00
# Visual Studio 14
VisualStudioVersion = 14.0.25420.1
MinimumVisualStudioVersion = 10.0.40219.1
Project("{FAE04EC0-301F-11D3-BF4B-00C04F79EFBC}") = "NRC.Platform.FileCopyService", "NRC.Platform.FileCopyService.csproj", "{FE329AF1-3DD8-4481-B5B3-BFFA95A45991}"
EndProject
Project("{FAE04EC0-301F-11D3-BF4B-00C04F79EFBC}") = "NRC.Common", "..\NRC.Common\NRC.Common.csproj", "{FCC95A8B-8FE0-482D-A09E-E9EB2CB7C890}"
EndProject
Project("{2150E333-8FDC-42A3-9474-1A3956D46DE8}") = "Solution Items", "Solution Items", "{7A954F0D-88EE-4E7F-89F2-CB8181B5E6A7}"
	ProjectSection(SolutionItems) = preProject
		Package.xml = Package.xml
	EndProjectSection
EndProject
Project("{2150E333-8FDC-42A3-9474-1A3956D46DE8}") = ".nuget", ".nuget", "{FC9CDA7D-54A1-4237-93DA-D17098E23FED}"
	ProjectSection(SolutionItems) = preProject
		.nuget\NuGet.Config = .nuget\NuGet.Config
		.nuget\NuGet.exe = .nuget\NuGet.exe
		.nuget\NuGet.targets = .nuget\NuGet.targets
	EndProjectSection
EndProject
Project("{2150E333-8FDC-42A3-9474-1A3956D46DE8}") = "lib", "lib", "{46EF60B7-AF38-4F8C-8425-763E51C6359E}"
	ProjectSection(SolutionItems) = preProject
		lib\Tamir.SharpSSH.dll = lib\Tamir.SharpSSH.dll
	EndProjectSection
EndProject
Global
	GlobalSection(SolutionConfigurationPlatforms) = preSolution
		Debug|Any CPU = Debug|Any CPU
		Debug|Mixed Platforms = Debug|Mixed Platforms
		Debug|x64 = Debug|x64
		Debug|x86 = Debug|x86
		Release|Any CPU = Release|Any CPU
		Release|Mixed Platforms = Release|Mixed Platforms
		Release|x64 = Release|x64
		Release|x86 = Release|x86
	EndGlobalSection
	GlobalSection(ProjectConfigurationPlatforms) = postSolution
		{FE329AF1-3DD8-4481-B5B3-BFFA95A45991}.Debug|Any CPU.ActiveCfg = Debug|x86
		{FE329AF1-3DD8-4481-B5B3-BFFA95A45991}.Debug|Mixed Platforms.ActiveCfg = Debug|x86
		{FE329AF1-3DD8-4481-B5B3-BFFA95A45991}.Debug|Mixed Platforms.Build.0 = Debug|x86
		{FE329AF1-3DD8-4481-B5B3-BFFA95A45991}.Debug|x64.ActiveCfg = Debug|x64
		{FE329AF1-3DD8-4481-B5B3-BFFA95A45991}.Debug|x64.Build.0 = Debug|x64
		{FE329AF1-3DD8-4481-B5B3-BFFA95A45991}.Debug|x86.ActiveCfg = Debug|x86
		{FE329AF1-3DD8-4481-B5B3-BFFA95A45991}.Debug|x86.Build.0 = Debug|x86
		{FE329AF1-3DD8-4481-B5B3-BFFA95A45991}.Release|Any CPU.ActiveCfg = Release|x64
		{FE329AF1-3DD8-4481-B5B3-BFFA95A45991}.Release|Any CPU.Build.0 = Release|x64
		{FE329AF1-3DD8-4481-B5B3-BFFA95A45991}.Release|Mixed Platforms.ActiveCfg = Release|x86
		{FE329AF1-3DD8-4481-B5B3-BFFA95A45991}.Release|Mixed Platforms.Build.0 = Release|x86
		{FE329AF1-3DD8-4481-B5B3-BFFA95A45991}.Release|x64.ActiveCfg = Release|x64
		{FE329AF1-3DD8-4481-B5B3-BFFA95A45991}.Release|x64.Build.0 = Release|x64
		{FE329AF1-3DD8-4481-B5B3-BFFA95A45991}.Release|x86.ActiveCfg = Release|x86
		{FE329AF1-3DD8-4481-B5B3-BFFA95A45991}.Release|x86.Build.0 = Release|x86
		{FCC95A8B-8FE0-482D-A09E-E9EB2CB7C890}.Debug|Any CPU.ActiveCfg = Debug|Any CPU
		{FCC95A8B-8FE0-482D-A09E-E9EB2CB7C890}.Debug|Any CPU.Build.0 = Debug|Any CPU
		{FCC95A8B-8FE0-482D-A09E-E9EB2CB7C890}.Debug|Mixed Platforms.ActiveCfg = Debug|Any CPU
		{FCC95A8B-8FE0-482D-A09E-E9EB2CB7C890}.Debug|Mixed Platforms.Build.0 = Debug|Any CPU
		{FCC95A8B-8FE0-482D-A09E-E9EB2CB7C890}.Debug|x64.ActiveCfg = Debug|Any CPU
		{FCC95A8B-8FE0-482D-A09E-E9EB2CB7C890}.Debug|x64.Build.0 = Debug|Any CPU
		{FCC95A8B-8FE0-482D-A09E-E9EB2CB7C890}.Debug|x86.ActiveCfg = Debug|Any CPU
		{FCC95A8B-8FE0-482D-A09E-E9EB2CB7C890}.Release|Any CPU.ActiveCfg = Release|Any CPU
		{FCC95A8B-8FE0-482D-A09E-E9EB2CB7C890}.Release|Any CPU.Build.0 = Release|Any CPU
		{FCC95A8B-8FE0-482D-A09E-E9EB2CB7C890}.Release|Mixed Platforms.ActiveCfg = Release|Any CPU
		{FCC95A8B-8FE0-482D-A09E-E9EB2CB7C890}.Release|Mixed Platforms.Build.0 = Release|Any CPU
		{FCC95A8B-8FE0-482D-A09E-E9EB2CB7C890}.Release|x64.ActiveCfg = Release|Any CPU
		{FCC95A8B-8FE0-482D-A09E-E9EB2CB7C890}.Release|x64.Build.0 = Release|Any CPU
		{FCC95A8B-8FE0-482D-A09E-E9EB2CB7C890}.Release|x86.ActiveCfg = Release|Any CPU
	EndGlobalSection
	GlobalSection(SolutionProperties) = preSolution
		HideSolutionNode = FALSE
	EndGlobalSection
EndGlobal
