
Microsoft Visual Studio Solution File, Format Version 12.00
# Visual Studio 14
VisualStudioVersion = 14.0.25420.1
MinimumVisualStudioVersion = 10.0.40219.1
Project("{F184B08F-C81C-45F6-A57F-5ABD9991F28F}") = "Pervasive Service", "Pervasive Service\Pervasive Service.vbproj", "{3D61C20A-D281-4802-8CBA-AF7B6472D0C3}"
EndProject
Project("{F184B08F-C81C-45F6-A57F-5ABD9991F28F}") = "Pervasive Viewer", "Pervasive Viewer\Pervasive Viewer.vbproj", "{5A1394AD-C18B-4A8F-9F30-FEB3B22085FC}"
EndProject
Project("{F184B08F-C81C-45F6-A57F-5ABD9991F28F}") = "QualiSys.Pervasive.Library", "..\QualiSys Class Library Solution\QualiSys.Pervasive.Library\QualiSys.Pervasive.Library.vbproj", "{1BC993F6-721E-44A9-A1CD-CC2DECFC5464}"
EndProject
Project("{F184B08F-C81C-45F6-A57F-5ABD9991F28F}") = "QualiSys.Pervasive.Library.SqlDataProvider", "..\QualiSys Class Library Solution\QualiSys.Pervasive.Library.SqlDataProvider\QualiSys.Pervasive.Library.SqlDataProvider.vbproj", "{45342C2F-19EF-474C-B9BC-F8222CBABCC2}"
EndProject
Project("{F184B08F-C81C-45F6-A57F-5ABD9991F28F}") = "Pervasive Service Tester", "Pervasive Service Tester\Pervasive Service Tester.vbproj", "{9B9A59C5-61B1-4241-81A6-A36AD2BD0DED}"
EndProject
Project("{2150E333-8FDC-42A3-9474-1A3956D46DE8}") = ".nuget", ".nuget", "{33E58415-8608-4110-A73B-C427B5EADDA7}"
	ProjectSection(SolutionItems) = preProject
		.nuget\NuGet.Config = .nuget\NuGet.Config
		.nuget\NuGet.exe = .nuget\NuGet.exe
		.nuget\NuGet.targets = .nuget\NuGet.targets
	EndProjectSection
EndProject
Project("{F184B08F-C81C-45F6-A57F-5ABD9991F28F}") = "NRCAuthlib", "..\NRC Auth Solution\NRCAuthLib\NRCAuthlib.vbproj", "{6ED47CEB-9896-4BE5-A7F2-CF2A5693F1ED}"
EndProject
Project("{F184B08F-C81C-45F6-A57F-5ABD9991F28F}") = "Nrc.Framework", "..\NRC Framework Solution\Nrc.Framework\Nrc.Framework.vbproj", "{4616369F-A6A3-4192-93A9-23B3E6E2D0BC}"
EndProject
Project("{F184B08F-C81C-45F6-A57F-5ABD9991F28F}") = "Nrc.Framework.BusinessLogic", "..\NRC Framework Solution\Nrc.Framework.BusinessLogic\Nrc.Framework.BusinessLogic.vbproj", "{C5A6EE1A-D5BF-4059-87CF-ACA302979820}"
EndProject
Project("{F184B08F-C81C-45F6-A57F-5ABD9991F28F}") = "Nrc.Framework.Notification", "..\NRC Framework Solution\Nrc.Framework.Notification\Nrc.Framework.Notification.vbproj", "{27AB551E-D67F-4B03-BAB5-E7172E105217}"
EndProject
Global
	GlobalSection(SolutionConfigurationPlatforms) = preSolution
		Debug|Any CPU = Debug|Any CPU
		Debug|x86 = Debug|x86
		Development|Any CPU = Development|Any CPU
		Development|x86 = Development|x86
		Production|Any CPU = Production|Any CPU
		Production|x86 = Production|x86
		Release|Any CPU = Release|Any CPU
		Release|x86 = Release|x86
		Staging|Any CPU = Staging|Any CPU
		Staging|x86 = Staging|x86
		Testing|Any CPU = Testing|Any CPU
		Testing|x86 = Testing|x86
	EndGlobalSection
	GlobalSection(ProjectConfigurationPlatforms) = postSolution
		{3D61C20A-D281-4802-8CBA-AF7B6472D0C3}.Debug|Any CPU.ActiveCfg = Debug|Any CPU
		{3D61C20A-D281-4802-8CBA-AF7B6472D0C3}.Debug|Any CPU.Build.0 = Debug|Any CPU
		{3D61C20A-D281-4802-8CBA-AF7B6472D0C3}.Debug|x86.ActiveCfg = Debug|x86
		{3D61C20A-D281-4802-8CBA-AF7B6472D0C3}.Debug|x86.Build.0 = Debug|x86
		{3D61C20A-D281-4802-8CBA-AF7B6472D0C3}.Development|Any CPU.ActiveCfg = Debug|Any CPU
		{3D61C20A-D281-4802-8CBA-AF7B6472D0C3}.Development|Any CPU.Build.0 = Debug|Any CPU
		{3D61C20A-D281-4802-8CBA-AF7B6472D0C3}.Development|x86.ActiveCfg = Debug|x86
		{3D61C20A-D281-4802-8CBA-AF7B6472D0C3}.Development|x86.Build.0 = Debug|x86
		{3D61C20A-D281-4802-8CBA-AF7B6472D0C3}.Production|Any CPU.ActiveCfg = Release|Any CPU
		{3D61C20A-D281-4802-8CBA-AF7B6472D0C3}.Production|Any CPU.Build.0 = Release|Any CPU
		{3D61C20A-D281-4802-8CBA-AF7B6472D0C3}.Production|x86.ActiveCfg = Release|x86
		{3D61C20A-D281-4802-8CBA-AF7B6472D0C3}.Production|x86.Build.0 = Release|x86
		{3D61C20A-D281-4802-8CBA-AF7B6472D0C3}.Release|Any CPU.ActiveCfg = Release|Any CPU
		{3D61C20A-D281-4802-8CBA-AF7B6472D0C3}.Release|Any CPU.Build.0 = Release|Any CPU
		{3D61C20A-D281-4802-8CBA-AF7B6472D0C3}.Release|x86.ActiveCfg = Release|x86
		{3D61C20A-D281-4802-8CBA-AF7B6472D0C3}.Release|x86.Build.0 = Release|x86
		{3D61C20A-D281-4802-8CBA-AF7B6472D0C3}.Staging|Any CPU.ActiveCfg = Release|Any CPU
		{3D61C20A-D281-4802-8CBA-AF7B6472D0C3}.Staging|Any CPU.Build.0 = Release|Any CPU
		{3D61C20A-D281-4802-8CBA-AF7B6472D0C3}.Staging|x86.ActiveCfg = Release|x86
		{3D61C20A-D281-4802-8CBA-AF7B6472D0C3}.Staging|x86.Build.0 = Release|x86
		{3D61C20A-D281-4802-8CBA-AF7B6472D0C3}.Testing|Any CPU.ActiveCfg = Release|Any CPU
		{3D61C20A-D281-4802-8CBA-AF7B6472D0C3}.Testing|Any CPU.Build.0 = Release|Any CPU
		{3D61C20A-D281-4802-8CBA-AF7B6472D0C3}.Testing|x86.ActiveCfg = Release|x86
		{3D61C20A-D281-4802-8CBA-AF7B6472D0C3}.Testing|x86.Build.0 = Release|x86
		{5A1394AD-C18B-4A8F-9F30-FEB3B22085FC}.Debug|Any CPU.ActiveCfg = Development|Any CPU
		{5A1394AD-C18B-4A8F-9F30-FEB3B22085FC}.Debug|Any CPU.Build.0 = Development|Any CPU
		{5A1394AD-C18B-4A8F-9F30-FEB3B22085FC}.Debug|x86.ActiveCfg = Development|x86
		{5A1394AD-C18B-4A8F-9F30-FEB3B22085FC}.Debug|x86.Build.0 = Development|x86
		{5A1394AD-C18B-4A8F-9F30-FEB3B22085FC}.Development|Any CPU.ActiveCfg = Development|Any CPU
		{5A1394AD-C18B-4A8F-9F30-FEB3B22085FC}.Development|Any CPU.Build.0 = Development|Any CPU
		{5A1394AD-C18B-4A8F-9F30-FEB3B22085FC}.Development|x86.ActiveCfg = Development|x86
		{5A1394AD-C18B-4A8F-9F30-FEB3B22085FC}.Development|x86.Build.0 = Development|x86
		{5A1394AD-C18B-4A8F-9F30-FEB3B22085FC}.Production|Any CPU.ActiveCfg = Release|Any CPU
		{5A1394AD-C18B-4A8F-9F30-FEB3B22085FC}.Production|Any CPU.Build.0 = Release|Any CPU
		{5A1394AD-C18B-4A8F-9F30-FEB3B22085FC}.Production|x86.ActiveCfg = Release|x86
		{5A1394AD-C18B-4A8F-9F30-FEB3B22085FC}.Production|x86.Build.0 = Release|x86
		{5A1394AD-C18B-4A8F-9F30-FEB3B22085FC}.Release|Any CPU.ActiveCfg = Release|Any CPU
		{5A1394AD-C18B-4A8F-9F30-FEB3B22085FC}.Release|Any CPU.Build.0 = Release|Any CPU
		{5A1394AD-C18B-4A8F-9F30-FEB3B22085FC}.Release|x86.ActiveCfg = Release|x86
		{5A1394AD-C18B-4A8F-9F30-FEB3B22085FC}.Release|x86.Build.0 = Release|x86
		{5A1394AD-C18B-4A8F-9F30-FEB3B22085FC}.Staging|Any CPU.ActiveCfg = Staging|Any CPU
		{5A1394AD-C18B-4A8F-9F30-FEB3B22085FC}.Staging|Any CPU.Build.0 = Staging|Any CPU
		{5A1394AD-C18B-4A8F-9F30-FEB3B22085FC}.Staging|x86.ActiveCfg = Staging|x86
		{5A1394AD-C18B-4A8F-9F30-FEB3B22085FC}.Staging|x86.Build.0 = Staging|x86
		{5A1394AD-C18B-4A8F-9F30-FEB3B22085FC}.Testing|Any CPU.ActiveCfg = Testing|Any CPU
		{5A1394AD-C18B-4A8F-9F30-FEB3B22085FC}.Testing|Any CPU.Build.0 = Testing|Any CPU
		{5A1394AD-C18B-4A8F-9F30-FEB3B22085FC}.Testing|x86.ActiveCfg = Testing|x86
		{5A1394AD-C18B-4A8F-9F30-FEB3B22085FC}.Testing|x86.Build.0 = Testing|x86
		{1BC993F6-721E-44A9-A1CD-CC2DECFC5464}.Debug|Any CPU.ActiveCfg = Debug|Any CPU
		{1BC993F6-721E-44A9-A1CD-CC2DECFC5464}.Debug|Any CPU.Build.0 = Debug|Any CPU
		{1BC993F6-721E-44A9-A1CD-CC2DECFC5464}.Debug|x86.ActiveCfg = Debug|x86
		{1BC993F6-721E-44A9-A1CD-CC2DECFC5464}.Debug|x86.Build.0 = Debug|x86
		{1BC993F6-721E-44A9-A1CD-CC2DECFC5464}.Development|Any CPU.ActiveCfg = Debug|x86
		{1BC993F6-721E-44A9-A1CD-CC2DECFC5464}.Development|x86.ActiveCfg = Debug|x86
		{1BC993F6-721E-44A9-A1CD-CC2DECFC5464}.Development|x86.Build.0 = Debug|x86
		{1BC993F6-721E-44A9-A1CD-CC2DECFC5464}.Production|Any CPU.ActiveCfg = Release|x86
		{1BC993F6-721E-44A9-A1CD-CC2DECFC5464}.Production|x86.ActiveCfg = Release|x86
		{1BC993F6-721E-44A9-A1CD-CC2DECFC5464}.Production|x86.Build.0 = Release|x86
		{1BC993F6-721E-44A9-A1CD-CC2DECFC5464}.Release|Any CPU.ActiveCfg = Release|Any CPU
		{1BC993F6-721E-44A9-A1CD-CC2DECFC5464}.Release|Any CPU.Build.0 = Release|Any CPU
		{1BC993F6-721E-44A9-A1CD-CC2DECFC5464}.Release|x86.ActiveCfg = Release|x86
		{1BC993F6-721E-44A9-A1CD-CC2DECFC5464}.Release|x86.Build.0 = Release|x86
		{1BC993F6-721E-44A9-A1CD-CC2DECFC5464}.Staging|Any CPU.ActiveCfg = Release|x86
		{1BC993F6-721E-44A9-A1CD-CC2DECFC5464}.Staging|x86.ActiveCfg = Release|x86
		{1BC993F6-721E-44A9-A1CD-CC2DECFC5464}.Staging|x86.Build.0 = Release|x86
		{1BC993F6-721E-44A9-A1CD-CC2DECFC5464}.Testing|Any CPU.ActiveCfg = Release|x86
		{1BC993F6-721E-44A9-A1CD-CC2DECFC5464}.Testing|x86.ActiveCfg = Release|x86
		{1BC993F6-721E-44A9-A1CD-CC2DECFC5464}.Testing|x86.Build.0 = Release|x86
		{45342C2F-19EF-474C-B9BC-F8222CBABCC2}.Debug|Any CPU.ActiveCfg = Debug|Any CPU
		{45342C2F-19EF-474C-B9BC-F8222CBABCC2}.Debug|Any CPU.Build.0 = Debug|Any CPU
		{45342C2F-19EF-474C-B9BC-F8222CBABCC2}.Debug|x86.ActiveCfg = Debug|x86
		{45342C2F-19EF-474C-B9BC-F8222CBABCC2}.Debug|x86.Build.0 = Debug|x86
		{45342C2F-19EF-474C-B9BC-F8222CBABCC2}.Development|Any CPU.ActiveCfg = Debug|x86
		{45342C2F-19EF-474C-B9BC-F8222CBABCC2}.Development|x86.ActiveCfg = Debug|x86
		{45342C2F-19EF-474C-B9BC-F8222CBABCC2}.Development|x86.Build.0 = Debug|x86
		{45342C2F-19EF-474C-B9BC-F8222CBABCC2}.Production|Any CPU.ActiveCfg = Release|x86
		{45342C2F-19EF-474C-B9BC-F8222CBABCC2}.Production|x86.ActiveCfg = Release|x86
		{45342C2F-19EF-474C-B9BC-F8222CBABCC2}.Production|x86.Build.0 = Release|x86
		{45342C2F-19EF-474C-B9BC-F8222CBABCC2}.Release|Any CPU.ActiveCfg = Release|Any CPU
		{45342C2F-19EF-474C-B9BC-F8222CBABCC2}.Release|Any CPU.Build.0 = Release|Any CPU
		{45342C2F-19EF-474C-B9BC-F8222CBABCC2}.Release|x86.ActiveCfg = Release|x86
		{45342C2F-19EF-474C-B9BC-F8222CBABCC2}.Release|x86.Build.0 = Release|x86
		{45342C2F-19EF-474C-B9BC-F8222CBABCC2}.Staging|Any CPU.ActiveCfg = Release|x86
		{45342C2F-19EF-474C-B9BC-F8222CBABCC2}.Staging|x86.ActiveCfg = Release|x86
		{45342C2F-19EF-474C-B9BC-F8222CBABCC2}.Staging|x86.Build.0 = Release|x86
		{45342C2F-19EF-474C-B9BC-F8222CBABCC2}.Testing|Any CPU.ActiveCfg = Release|x86
		{45342C2F-19EF-474C-B9BC-F8222CBABCC2}.Testing|x86.ActiveCfg = Release|x86
		{45342C2F-19EF-474C-B9BC-F8222CBABCC2}.Testing|x86.Build.0 = Release|x86
		{9B9A59C5-61B1-4241-81A6-A36AD2BD0DED}.Debug|Any CPU.ActiveCfg = Debug|Any CPU
		{9B9A59C5-61B1-4241-81A6-A36AD2BD0DED}.Debug|Any CPU.Build.0 = Debug|Any CPU
		{9B9A59C5-61B1-4241-81A6-A36AD2BD0DED}.Debug|x86.ActiveCfg = Debug|x86
		{9B9A59C5-61B1-4241-81A6-A36AD2BD0DED}.Debug|x86.Build.0 = Debug|x86
		{9B9A59C5-61B1-4241-81A6-A36AD2BD0DED}.Development|Any CPU.ActiveCfg = Debug|Any CPU
		{9B9A59C5-61B1-4241-81A6-A36AD2BD0DED}.Development|Any CPU.Build.0 = Debug|Any CPU
		{9B9A59C5-61B1-4241-81A6-A36AD2BD0DED}.Development|x86.ActiveCfg = Debug|x86
		{9B9A59C5-61B1-4241-81A6-A36AD2BD0DED}.Development|x86.Build.0 = Debug|x86
		{9B9A59C5-61B1-4241-81A6-A36AD2BD0DED}.Production|Any CPU.ActiveCfg = Release|Any CPU
		{9B9A59C5-61B1-4241-81A6-A36AD2BD0DED}.Production|Any CPU.Build.0 = Release|Any CPU
		{9B9A59C5-61B1-4241-81A6-A36AD2BD0DED}.Production|x86.ActiveCfg = Release|x86
		{9B9A59C5-61B1-4241-81A6-A36AD2BD0DED}.Production|x86.Build.0 = Release|x86
		{9B9A59C5-61B1-4241-81A6-A36AD2BD0DED}.Release|Any CPU.ActiveCfg = Release|Any CPU
		{9B9A59C5-61B1-4241-81A6-A36AD2BD0DED}.Release|Any CPU.Build.0 = Release|Any CPU
		{9B9A59C5-61B1-4241-81A6-A36AD2BD0DED}.Release|x86.ActiveCfg = Release|x86
		{9B9A59C5-61B1-4241-81A6-A36AD2BD0DED}.Release|x86.Build.0 = Release|x86
		{9B9A59C5-61B1-4241-81A6-A36AD2BD0DED}.Staging|Any CPU.ActiveCfg = Release|Any CPU
		{9B9A59C5-61B1-4241-81A6-A36AD2BD0DED}.Staging|Any CPU.Build.0 = Release|Any CPU
		{9B9A59C5-61B1-4241-81A6-A36AD2BD0DED}.Staging|x86.ActiveCfg = Release|x86
		{9B9A59C5-61B1-4241-81A6-A36AD2BD0DED}.Staging|x86.Build.0 = Release|x86
		{9B9A59C5-61B1-4241-81A6-A36AD2BD0DED}.Testing|Any CPU.ActiveCfg = Release|Any CPU
		{9B9A59C5-61B1-4241-81A6-A36AD2BD0DED}.Testing|Any CPU.Build.0 = Release|Any CPU
		{9B9A59C5-61B1-4241-81A6-A36AD2BD0DED}.Testing|x86.ActiveCfg = Release|x86
		{9B9A59C5-61B1-4241-81A6-A36AD2BD0DED}.Testing|x86.Build.0 = Release|x86
		{6ED47CEB-9896-4BE5-A7F2-CF2A5693F1ED}.Debug|Any CPU.ActiveCfg = Debug|Any CPU
		{6ED47CEB-9896-4BE5-A7F2-CF2A5693F1ED}.Debug|Any CPU.Build.0 = Debug|Any CPU
		{6ED47CEB-9896-4BE5-A7F2-CF2A5693F1ED}.Debug|x86.ActiveCfg = Debug|x86
		{6ED47CEB-9896-4BE5-A7F2-CF2A5693F1ED}.Debug|x86.Build.0 = Debug|x86
		{6ED47CEB-9896-4BE5-A7F2-CF2A5693F1ED}.Development|Any CPU.ActiveCfg = Debug|Any CPU
		{6ED47CEB-9896-4BE5-A7F2-CF2A5693F1ED}.Development|Any CPU.Build.0 = Debug|Any CPU
		{6ED47CEB-9896-4BE5-A7F2-CF2A5693F1ED}.Development|x86.ActiveCfg = Debug|x86
		{6ED47CEB-9896-4BE5-A7F2-CF2A5693F1ED}.Development|x86.Build.0 = Debug|x86
		{6ED47CEB-9896-4BE5-A7F2-CF2A5693F1ED}.Production|Any CPU.ActiveCfg = Production|Any CPU
		{6ED47CEB-9896-4BE5-A7F2-CF2A5693F1ED}.Production|Any CPU.Build.0 = Production|Any CPU
		{6ED47CEB-9896-4BE5-A7F2-CF2A5693F1ED}.Production|x86.ActiveCfg = Production|x86
		{6ED47CEB-9896-4BE5-A7F2-CF2A5693F1ED}.Production|x86.Build.0 = Production|x86
		{6ED47CEB-9896-4BE5-A7F2-CF2A5693F1ED}.Release|Any CPU.ActiveCfg = Release|Any CPU
		{6ED47CEB-9896-4BE5-A7F2-CF2A5693F1ED}.Release|Any CPU.Build.0 = Release|Any CPU
		{6ED47CEB-9896-4BE5-A7F2-CF2A5693F1ED}.Release|x86.ActiveCfg = Release|x86
		{6ED47CEB-9896-4BE5-A7F2-CF2A5693F1ED}.Release|x86.Build.0 = Release|x86
		{6ED47CEB-9896-4BE5-A7F2-CF2A5693F1ED}.Staging|Any CPU.ActiveCfg = Production|Any CPU
		{6ED47CEB-9896-4BE5-A7F2-CF2A5693F1ED}.Staging|Any CPU.Build.0 = Production|Any CPU
		{6ED47CEB-9896-4BE5-A7F2-CF2A5693F1ED}.Staging|x86.ActiveCfg = Production|x86
		{6ED47CEB-9896-4BE5-A7F2-CF2A5693F1ED}.Staging|x86.Build.0 = Production|x86
		{6ED47CEB-9896-4BE5-A7F2-CF2A5693F1ED}.Testing|Any CPU.ActiveCfg = Production|Any CPU
		{6ED47CEB-9896-4BE5-A7F2-CF2A5693F1ED}.Testing|Any CPU.Build.0 = Production|Any CPU
		{6ED47CEB-9896-4BE5-A7F2-CF2A5693F1ED}.Testing|x86.ActiveCfg = Production|x86
		{6ED47CEB-9896-4BE5-A7F2-CF2A5693F1ED}.Testing|x86.Build.0 = Production|x86
		{4616369F-A6A3-4192-93A9-23B3E6E2D0BC}.Debug|Any CPU.ActiveCfg = Debug|Any CPU
		{4616369F-A6A3-4192-93A9-23B3E6E2D0BC}.Debug|Any CPU.Build.0 = Debug|Any CPU
		{4616369F-A6A3-4192-93A9-23B3E6E2D0BC}.Debug|x86.ActiveCfg = Debug|x86
		{4616369F-A6A3-4192-93A9-23B3E6E2D0BC}.Debug|x86.Build.0 = Debug|x86
		{4616369F-A6A3-4192-93A9-23B3E6E2D0BC}.Development|Any CPU.ActiveCfg = Debug|Any CPU
		{4616369F-A6A3-4192-93A9-23B3E6E2D0BC}.Development|Any CPU.Build.0 = Debug|Any CPU
		{4616369F-A6A3-4192-93A9-23B3E6E2D0BC}.Development|x86.ActiveCfg = Debug|x86
		{4616369F-A6A3-4192-93A9-23B3E6E2D0BC}.Development|x86.Build.0 = Debug|x86
		{4616369F-A6A3-4192-93A9-23B3E6E2D0BC}.Production|Any CPU.ActiveCfg = Release|Any CPU
		{4616369F-A6A3-4192-93A9-23B3E6E2D0BC}.Production|Any CPU.Build.0 = Release|Any CPU
		{4616369F-A6A3-4192-93A9-23B3E6E2D0BC}.Production|x86.ActiveCfg = Release|x86
		{4616369F-A6A3-4192-93A9-23B3E6E2D0BC}.Production|x86.Build.0 = Release|x86
		{4616369F-A6A3-4192-93A9-23B3E6E2D0BC}.Release|Any CPU.ActiveCfg = Release|Any CPU
		{4616369F-A6A3-4192-93A9-23B3E6E2D0BC}.Release|Any CPU.Build.0 = Release|Any CPU
		{4616369F-A6A3-4192-93A9-23B3E6E2D0BC}.Release|x86.ActiveCfg = Release|x86
		{4616369F-A6A3-4192-93A9-23B3E6E2D0BC}.Release|x86.Build.0 = Release|x86
		{4616369F-A6A3-4192-93A9-23B3E6E2D0BC}.Staging|Any CPU.ActiveCfg = Release|Any CPU
		{4616369F-A6A3-4192-93A9-23B3E6E2D0BC}.Staging|Any CPU.Build.0 = Release|Any CPU
		{4616369F-A6A3-4192-93A9-23B3E6E2D0BC}.Staging|x86.ActiveCfg = Release|x86
		{4616369F-A6A3-4192-93A9-23B3E6E2D0BC}.Staging|x86.Build.0 = Release|x86
		{4616369F-A6A3-4192-93A9-23B3E6E2D0BC}.Testing|Any CPU.ActiveCfg = Release|Any CPU
		{4616369F-A6A3-4192-93A9-23B3E6E2D0BC}.Testing|Any CPU.Build.0 = Release|Any CPU
		{4616369F-A6A3-4192-93A9-23B3E6E2D0BC}.Testing|x86.ActiveCfg = Release|x86
		{4616369F-A6A3-4192-93A9-23B3E6E2D0BC}.Testing|x86.Build.0 = Release|x86
		{C5A6EE1A-D5BF-4059-87CF-ACA302979820}.Debug|Any CPU.ActiveCfg = Debug|Any CPU
		{C5A6EE1A-D5BF-4059-87CF-ACA302979820}.Debug|Any CPU.Build.0 = Debug|Any CPU
		{C5A6EE1A-D5BF-4059-87CF-ACA302979820}.Debug|x86.ActiveCfg = Debug|x86
		{C5A6EE1A-D5BF-4059-87CF-ACA302979820}.Debug|x86.Build.0 = Debug|x86
		{C5A6EE1A-D5BF-4059-87CF-ACA302979820}.Development|Any CPU.ActiveCfg = Debug|Any CPU
		{C5A6EE1A-D5BF-4059-87CF-ACA302979820}.Development|Any CPU.Build.0 = Debug|Any CPU
		{C5A6EE1A-D5BF-4059-87CF-ACA302979820}.Development|x86.ActiveCfg = Debug|x86
		{C5A6EE1A-D5BF-4059-87CF-ACA302979820}.Development|x86.Build.0 = Debug|x86
		{C5A6EE1A-D5BF-4059-87CF-ACA302979820}.Production|Any CPU.ActiveCfg = PRODUCTION|Any CPU
		{C5A6EE1A-D5BF-4059-87CF-ACA302979820}.Production|Any CPU.Build.0 = PRODUCTION|Any CPU
		{C5A6EE1A-D5BF-4059-87CF-ACA302979820}.Production|x86.ActiveCfg = PRODUCTION|x86
		{C5A6EE1A-D5BF-4059-87CF-ACA302979820}.Production|x86.Build.0 = PRODUCTION|x86
		{C5A6EE1A-D5BF-4059-87CF-ACA302979820}.Release|Any CPU.ActiveCfg = Release|Any CPU
		{C5A6EE1A-D5BF-4059-87CF-ACA302979820}.Release|Any CPU.Build.0 = Release|Any CPU
		{C5A6EE1A-D5BF-4059-87CF-ACA302979820}.Release|x86.ActiveCfg = Release|x86
		{C5A6EE1A-D5BF-4059-87CF-ACA302979820}.Release|x86.Build.0 = Release|x86
		{C5A6EE1A-D5BF-4059-87CF-ACA302979820}.Staging|Any CPU.ActiveCfg = PRODUCTION|Any CPU
		{C5A6EE1A-D5BF-4059-87CF-ACA302979820}.Staging|Any CPU.Build.0 = PRODUCTION|Any CPU
		{C5A6EE1A-D5BF-4059-87CF-ACA302979820}.Staging|x86.ActiveCfg = PRODUCTION|x86
		{C5A6EE1A-D5BF-4059-87CF-ACA302979820}.Staging|x86.Build.0 = PRODUCTION|x86
		{C5A6EE1A-D5BF-4059-87CF-ACA302979820}.Testing|Any CPU.ActiveCfg = PRODUCTION|Any CPU
		{C5A6EE1A-D5BF-4059-87CF-ACA302979820}.Testing|Any CPU.Build.0 = PRODUCTION|Any CPU
		{C5A6EE1A-D5BF-4059-87CF-ACA302979820}.Testing|x86.ActiveCfg = PRODUCTION|x86
		{C5A6EE1A-D5BF-4059-87CF-ACA302979820}.Testing|x86.Build.0 = PRODUCTION|x86
		{27AB551E-D67F-4B03-BAB5-E7172E105217}.Debug|Any CPU.ActiveCfg = Debug|Any CPU
		{27AB551E-D67F-4B03-BAB5-E7172E105217}.Debug|Any CPU.Build.0 = Debug|Any CPU
		{27AB551E-D67F-4B03-BAB5-E7172E105217}.Debug|x86.ActiveCfg = Debug|x86
		{27AB551E-D67F-4B03-BAB5-E7172E105217}.Debug|x86.Build.0 = Debug|x86
		{27AB551E-D67F-4B03-BAB5-E7172E105217}.Development|Any CPU.ActiveCfg = Debug|Any CPU
		{27AB551E-D67F-4B03-BAB5-E7172E105217}.Development|Any CPU.Build.0 = Debug|Any CPU
		{27AB551E-D67F-4B03-BAB5-E7172E105217}.Development|x86.ActiveCfg = Debug|x86
		{27AB551E-D67F-4B03-BAB5-E7172E105217}.Development|x86.Build.0 = Debug|x86
		{27AB551E-D67F-4B03-BAB5-E7172E105217}.Production|Any CPU.ActiveCfg = Release|Any CPU
		{27AB551E-D67F-4B03-BAB5-E7172E105217}.Production|Any CPU.Build.0 = Release|Any CPU
		{27AB551E-D67F-4B03-BAB5-E7172E105217}.Production|x86.ActiveCfg = Release|x86
		{27AB551E-D67F-4B03-BAB5-E7172E105217}.Production|x86.Build.0 = Release|x86
		{27AB551E-D67F-4B03-BAB5-E7172E105217}.Release|Any CPU.ActiveCfg = Release|Any CPU
		{27AB551E-D67F-4B03-BAB5-E7172E105217}.Release|Any CPU.Build.0 = Release|Any CPU
		{27AB551E-D67F-4B03-BAB5-E7172E105217}.Release|x86.ActiveCfg = Release|x86
		{27AB551E-D67F-4B03-BAB5-E7172E105217}.Release|x86.Build.0 = Release|x86
		{27AB551E-D67F-4B03-BAB5-E7172E105217}.Staging|Any CPU.ActiveCfg = Release|Any CPU
		{27AB551E-D67F-4B03-BAB5-E7172E105217}.Staging|Any CPU.Build.0 = Release|Any CPU
		{27AB551E-D67F-4B03-BAB5-E7172E105217}.Staging|x86.ActiveCfg = Release|x86
		{27AB551E-D67F-4B03-BAB5-E7172E105217}.Staging|x86.Build.0 = Release|x86
		{27AB551E-D67F-4B03-BAB5-E7172E105217}.Testing|Any CPU.ActiveCfg = Release|Any CPU
		{27AB551E-D67F-4B03-BAB5-E7172E105217}.Testing|Any CPU.Build.0 = Release|Any CPU
		{27AB551E-D67F-4B03-BAB5-E7172E105217}.Testing|x86.ActiveCfg = Release|x86
		{27AB551E-D67F-4B03-BAB5-E7172E105217}.Testing|x86.Build.0 = Release|x86
	EndGlobalSection
	GlobalSection(SolutionProperties) = preSolution
		HideSolutionNode = FALSE
	EndGlobalSection
EndGlobal
