
Microsoft Visual Studio Solution File, Format Version 12.00
# Visual Studio 2010
Project("{F184B08F-C81C-45F6-A57F-5ABD9991F28F}") = "AddressCleaner", "AddressCleaner\AddressCleaner.vbproj", "{0CE3DD3A-B828-473A-BF1B-6A4004062A92}"
EndProject
Project("{F184B08F-C81C-45F6-A57F-5ABD9991F28F}") = "FileLoader", "FileLoader\FileLoader.vbproj", "{D461D470-1413-44CD-BE17-530A820C091A}"
EndProject
Project("{F184B08F-C81C-45F6-A57F-5ABD9991F28F}") = "QLoader Service", "QLoader Service\QLoader Service.vbproj", "{9D7C689C-BCF7-477F-87A8-8FB8D28330BE}"
EndProject
Project("{F184B08F-C81C-45F6-A57F-5ABD9991F28F}") = "QLoader Service Test", "QLoader Service Test\QLoader Service Test.vbproj", "{0C7245EB-7BB9-454A-A4D7-88709E6EF259}"
EndProject
Project("{F184B08F-C81C-45F6-A57F-5ABD9991F28F}") = "Qualisys.QLoader.Library", "..\QualiSys Class Library Solution\Qualisys.QLoader.Library\Qualisys.QLoader.Library.vbproj", "{9E12046E-7AB1-4BB4-89F8-D2ACAA7CD811}"
EndProject
Project("{F184B08F-C81C-45F6-A57F-5ABD9991F28F}") = "Qualisys.QLoader.Library.SqlProvider", "..\QualiSys Class Library Solution\Qualisys.QLoader.Library.SqlProvider\Qualisys.QLoader.Library.SqlProvider.vbproj", "{8C82B762-7494-478C-B8D6-E75958616F05}"
EndProject
Project("{F184B08F-C81C-45F6-A57F-5ABD9991F28F}") = "QualiSys.Pervasive.Library", "..\QualiSys Class Library Solution\QualiSys.Pervasive.Library\QualiSys.Pervasive.Library.vbproj", "{1BC993F6-721E-44A9-A1CD-CC2DECFC5464}"
EndProject
Project("{F184B08F-C81C-45F6-A57F-5ABD9991F28F}") = "QualiSys.Pervasive.Library.SqlDataProvider", "..\QualiSys Class Library Solution\QualiSys.Pervasive.Library.SqlDataProvider\QualiSys.Pervasive.Library.SqlDataProvider.vbproj", "{45342C2F-19EF-474C-B9BC-F8222CBABCC2}"
EndProject
Project("{F184B08F-C81C-45F6-A57F-5ABD9991F28F}") = "QualiSys.QLoader.Library20", "..\QualiSys Class Library Solution\QualiSys.QLoader.Library20\QualiSys.QLoader.Library20.vbproj", "{7993F3E7-29EE-48A0-9514-3C71D5867904}"
EndProject
Project("{F184B08F-C81C-45F6-A57F-5ABD9991F28F}") = "QualiSys.QLoader.Library20.SqlDataProvider", "..\QualiSys Class Library Solution\QualiSys.QLoader.Library20.SqlDataProvider\QualiSys.QLoader.Library20.SqlDataProvider.vbproj", "{C006A8BF-39A9-4B1B-8699-170C1B9FB13E}"
EndProject
Project("{54435603-DBB4-11D2-8724-00A0C9A8B90C}") = "Address Cleaner Installer", "Address Cleaner Installer\Address Cleaner Installer.vdproj", "{1DD35407-7EFF-460C-8FF2-F248F67942E7}"
EndProject
Project("{54435603-DBB4-11D2-8724-00A0C9A8B90C}") = "QLoader Service Installer", "QLoader Service Installer\QLoader Service Installer.vdproj", "{0DE033F4-B2F6-414B-B65A-F65F228CA66A}"
EndProject
Global
	GlobalSection(SolutionConfigurationPlatforms) = preSolution
		Debug|Any CPU = Debug|Any CPU
		Debug|Mixed Platforms = Debug|Mixed Platforms
		Debug|x86 = Debug|x86
		Release|Any CPU = Release|Any CPU
		Release|Mixed Platforms = Release|Mixed Platforms
		Release|x86 = Release|x86
	EndGlobalSection
	GlobalSection(ProjectConfigurationPlatforms) = postSolution
		{0CE3DD3A-B828-473A-BF1B-6A4004062A92}.Debug|Any CPU.ActiveCfg = Debug|Any CPU
		{0CE3DD3A-B828-473A-BF1B-6A4004062A92}.Debug|Any CPU.Build.0 = Debug|Any CPU
		{0CE3DD3A-B828-473A-BF1B-6A4004062A92}.Debug|Mixed Platforms.ActiveCfg = Debug|x86
		{0CE3DD3A-B828-473A-BF1B-6A4004062A92}.Debug|Mixed Platforms.Build.0 = Debug|x86
		{0CE3DD3A-B828-473A-BF1B-6A4004062A92}.Debug|x86.ActiveCfg = Debug|x86
		{0CE3DD3A-B828-473A-BF1B-6A4004062A92}.Debug|x86.Build.0 = Debug|x86
		{0CE3DD3A-B828-473A-BF1B-6A4004062A92}.Release|Any CPU.ActiveCfg = Release|Any CPU
		{0CE3DD3A-B828-473A-BF1B-6A4004062A92}.Release|Any CPU.Build.0 = Release|Any CPU
		{0CE3DD3A-B828-473A-BF1B-6A4004062A92}.Release|Mixed Platforms.ActiveCfg = Release|x86
		{0CE3DD3A-B828-473A-BF1B-6A4004062A92}.Release|Mixed Platforms.Build.0 = Release|x86
		{0CE3DD3A-B828-473A-BF1B-6A4004062A92}.Release|x86.ActiveCfg = Release|x86
		{0CE3DD3A-B828-473A-BF1B-6A4004062A92}.Release|x86.Build.0 = Release|x86
		{D461D470-1413-44CD-BE17-530A820C091A}.Debug|Any CPU.ActiveCfg = Debug|Any CPU
		{D461D470-1413-44CD-BE17-530A820C091A}.Debug|Any CPU.Build.0 = Debug|Any CPU
		{D461D470-1413-44CD-BE17-530A820C091A}.Debug|Mixed Platforms.ActiveCfg = Debug|x86
		{D461D470-1413-44CD-BE17-530A820C091A}.Debug|Mixed Platforms.Build.0 = Debug|x86
		{D461D470-1413-44CD-BE17-530A820C091A}.Debug|x86.ActiveCfg = Debug|x86
		{D461D470-1413-44CD-BE17-530A820C091A}.Debug|x86.Build.0 = Debug|x86
		{D461D470-1413-44CD-BE17-530A820C091A}.Release|Any CPU.ActiveCfg = Release|Any CPU
		{D461D470-1413-44CD-BE17-530A820C091A}.Release|Any CPU.Build.0 = Release|Any CPU
		{D461D470-1413-44CD-BE17-530A820C091A}.Release|Mixed Platforms.ActiveCfg = Release|x86
		{D461D470-1413-44CD-BE17-530A820C091A}.Release|Mixed Platforms.Build.0 = Release|x86
		{D461D470-1413-44CD-BE17-530A820C091A}.Release|x86.ActiveCfg = Release|x86
		{D461D470-1413-44CD-BE17-530A820C091A}.Release|x86.Build.0 = Release|x86
		{9D7C689C-BCF7-477F-87A8-8FB8D28330BE}.Debug|Any CPU.ActiveCfg = Debug|Any CPU
		{9D7C689C-BCF7-477F-87A8-8FB8D28330BE}.Debug|Any CPU.Build.0 = Debug|Any CPU
		{9D7C689C-BCF7-477F-87A8-8FB8D28330BE}.Debug|Mixed Platforms.ActiveCfg = Debug|x86
		{9D7C689C-BCF7-477F-87A8-8FB8D28330BE}.Debug|Mixed Platforms.Build.0 = Debug|x86
		{9D7C689C-BCF7-477F-87A8-8FB8D28330BE}.Debug|x86.ActiveCfg = Debug|x86
		{9D7C689C-BCF7-477F-87A8-8FB8D28330BE}.Debug|x86.Build.0 = Debug|x86
		{9D7C689C-BCF7-477F-87A8-8FB8D28330BE}.Release|Any CPU.ActiveCfg = Release|Any CPU
		{9D7C689C-BCF7-477F-87A8-8FB8D28330BE}.Release|Any CPU.Build.0 = Release|Any CPU
		{9D7C689C-BCF7-477F-87A8-8FB8D28330BE}.Release|Mixed Platforms.ActiveCfg = Release|x86
		{9D7C689C-BCF7-477F-87A8-8FB8D28330BE}.Release|Mixed Platforms.Build.0 = Release|x86
		{9D7C689C-BCF7-477F-87A8-8FB8D28330BE}.Release|x86.ActiveCfg = Release|x86
		{9D7C689C-BCF7-477F-87A8-8FB8D28330BE}.Release|x86.Build.0 = Release|x86
		{0C7245EB-7BB9-454A-A4D7-88709E6EF259}.Debug|Any CPU.ActiveCfg = Debug|Any CPU
		{0C7245EB-7BB9-454A-A4D7-88709E6EF259}.Debug|Any CPU.Build.0 = Debug|Any CPU
		{0C7245EB-7BB9-454A-A4D7-88709E6EF259}.Debug|Mixed Platforms.ActiveCfg = Debug|x86
		{0C7245EB-7BB9-454A-A4D7-88709E6EF259}.Debug|Mixed Platforms.Build.0 = Debug|x86
		{0C7245EB-7BB9-454A-A4D7-88709E6EF259}.Debug|x86.ActiveCfg = Debug|x86
		{0C7245EB-7BB9-454A-A4D7-88709E6EF259}.Debug|x86.Build.0 = Debug|x86
		{0C7245EB-7BB9-454A-A4D7-88709E6EF259}.Release|Any CPU.ActiveCfg = Release|Any CPU
		{0C7245EB-7BB9-454A-A4D7-88709E6EF259}.Release|Any CPU.Build.0 = Release|Any CPU
		{0C7245EB-7BB9-454A-A4D7-88709E6EF259}.Release|Mixed Platforms.ActiveCfg = Release|x86
		{0C7245EB-7BB9-454A-A4D7-88709E6EF259}.Release|Mixed Platforms.Build.0 = Release|x86
		{0C7245EB-7BB9-454A-A4D7-88709E6EF259}.Release|x86.ActiveCfg = Release|x86
		{0C7245EB-7BB9-454A-A4D7-88709E6EF259}.Release|x86.Build.0 = Release|x86
		{9E12046E-7AB1-4BB4-89F8-D2ACAA7CD811}.Debug|Any CPU.ActiveCfg = Debug|Any CPU
		{9E12046E-7AB1-4BB4-89F8-D2ACAA7CD811}.Debug|Any CPU.Build.0 = Debug|Any CPU
		{9E12046E-7AB1-4BB4-89F8-D2ACAA7CD811}.Debug|Mixed Platforms.ActiveCfg = Debug|x86
		{9E12046E-7AB1-4BB4-89F8-D2ACAA7CD811}.Debug|Mixed Platforms.Build.0 = Debug|x86
		{9E12046E-7AB1-4BB4-89F8-D2ACAA7CD811}.Debug|x86.ActiveCfg = Debug|x86
		{9E12046E-7AB1-4BB4-89F8-D2ACAA7CD811}.Debug|x86.Build.0 = Debug|x86
		{9E12046E-7AB1-4BB4-89F8-D2ACAA7CD811}.Release|Any CPU.ActiveCfg = Release|Any CPU
		{9E12046E-7AB1-4BB4-89F8-D2ACAA7CD811}.Release|Any CPU.Build.0 = Release|Any CPU
		{9E12046E-7AB1-4BB4-89F8-D2ACAA7CD811}.Release|Mixed Platforms.ActiveCfg = Release|x86
		{9E12046E-7AB1-4BB4-89F8-D2ACAA7CD811}.Release|Mixed Platforms.Build.0 = Release|x86
		{9E12046E-7AB1-4BB4-89F8-D2ACAA7CD811}.Release|x86.ActiveCfg = Release|x86
		{9E12046E-7AB1-4BB4-89F8-D2ACAA7CD811}.Release|x86.Build.0 = Release|x86
		{8C82B762-7494-478C-B8D6-E75958616F05}.Debug|Any CPU.ActiveCfg = Debug|Any CPU
		{8C82B762-7494-478C-B8D6-E75958616F05}.Debug|Any CPU.Build.0 = Debug|Any CPU
		{8C82B762-7494-478C-B8D6-E75958616F05}.Debug|Mixed Platforms.ActiveCfg = Debug|x86
		{8C82B762-7494-478C-B8D6-E75958616F05}.Debug|Mixed Platforms.Build.0 = Debug|x86
		{8C82B762-7494-478C-B8D6-E75958616F05}.Debug|x86.ActiveCfg = Debug|x86
		{8C82B762-7494-478C-B8D6-E75958616F05}.Debug|x86.Build.0 = Debug|x86
		{8C82B762-7494-478C-B8D6-E75958616F05}.Release|Any CPU.ActiveCfg = Release|Any CPU
		{8C82B762-7494-478C-B8D6-E75958616F05}.Release|Any CPU.Build.0 = Release|Any CPU
		{8C82B762-7494-478C-B8D6-E75958616F05}.Release|Mixed Platforms.ActiveCfg = Release|x86
		{8C82B762-7494-478C-B8D6-E75958616F05}.Release|Mixed Platforms.Build.0 = Release|x86
		{8C82B762-7494-478C-B8D6-E75958616F05}.Release|x86.ActiveCfg = Release|x86
		{8C82B762-7494-478C-B8D6-E75958616F05}.Release|x86.Build.0 = Release|x86
		{1BC993F6-721E-44A9-A1CD-CC2DECFC5464}.Debug|Any CPU.ActiveCfg = Debug|Any CPU
		{1BC993F6-721E-44A9-A1CD-CC2DECFC5464}.Debug|Any CPU.Build.0 = Debug|Any CPU
		{1BC993F6-721E-44A9-A1CD-CC2DECFC5464}.Debug|Mixed Platforms.ActiveCfg = Debug|x86
		{1BC993F6-721E-44A9-A1CD-CC2DECFC5464}.Debug|Mixed Platforms.Build.0 = Debug|x86
		{1BC993F6-721E-44A9-A1CD-CC2DECFC5464}.Debug|x86.ActiveCfg = Debug|x86
		{1BC993F6-721E-44A9-A1CD-CC2DECFC5464}.Debug|x86.Build.0 = Debug|x86
		{1BC993F6-721E-44A9-A1CD-CC2DECFC5464}.Release|Any CPU.ActiveCfg = Release|Any CPU
		{1BC993F6-721E-44A9-A1CD-CC2DECFC5464}.Release|Any CPU.Build.0 = Release|Any CPU
		{1BC993F6-721E-44A9-A1CD-CC2DECFC5464}.Release|Mixed Platforms.ActiveCfg = Release|x86
		{1BC993F6-721E-44A9-A1CD-CC2DECFC5464}.Release|Mixed Platforms.Build.0 = Release|x86
		{1BC993F6-721E-44A9-A1CD-CC2DECFC5464}.Release|x86.ActiveCfg = Release|x86
		{1BC993F6-721E-44A9-A1CD-CC2DECFC5464}.Release|x86.Build.0 = Release|x86
		{45342C2F-19EF-474C-B9BC-F8222CBABCC2}.Debug|Any CPU.ActiveCfg = Debug|Any CPU
		{45342C2F-19EF-474C-B9BC-F8222CBABCC2}.Debug|Any CPU.Build.0 = Debug|Any CPU
		{45342C2F-19EF-474C-B9BC-F8222CBABCC2}.Debug|Mixed Platforms.ActiveCfg = Debug|x86
		{45342C2F-19EF-474C-B9BC-F8222CBABCC2}.Debug|Mixed Platforms.Build.0 = Debug|x86
		{45342C2F-19EF-474C-B9BC-F8222CBABCC2}.Debug|x86.ActiveCfg = Debug|x86
		{45342C2F-19EF-474C-B9BC-F8222CBABCC2}.Debug|x86.Build.0 = Debug|x86
		{45342C2F-19EF-474C-B9BC-F8222CBABCC2}.Release|Any CPU.ActiveCfg = Release|Any CPU
		{45342C2F-19EF-474C-B9BC-F8222CBABCC2}.Release|Any CPU.Build.0 = Release|Any CPU
		{45342C2F-19EF-474C-B9BC-F8222CBABCC2}.Release|Mixed Platforms.ActiveCfg = Release|x86
		{45342C2F-19EF-474C-B9BC-F8222CBABCC2}.Release|Mixed Platforms.Build.0 = Release|x86
		{45342C2F-19EF-474C-B9BC-F8222CBABCC2}.Release|x86.ActiveCfg = Release|x86
		{45342C2F-19EF-474C-B9BC-F8222CBABCC2}.Release|x86.Build.0 = Release|x86
		{7993F3E7-29EE-48A0-9514-3C71D5867904}.Debug|Any CPU.ActiveCfg = Debug|Any CPU
		{7993F3E7-29EE-48A0-9514-3C71D5867904}.Debug|Any CPU.Build.0 = Debug|Any CPU
		{7993F3E7-29EE-48A0-9514-3C71D5867904}.Debug|Mixed Platforms.ActiveCfg = Debug|x86
		{7993F3E7-29EE-48A0-9514-3C71D5867904}.Debug|Mixed Platforms.Build.0 = Debug|x86
		{7993F3E7-29EE-48A0-9514-3C71D5867904}.Debug|x86.ActiveCfg = Debug|x86
		{7993F3E7-29EE-48A0-9514-3C71D5867904}.Debug|x86.Build.0 = Debug|x86
		{7993F3E7-29EE-48A0-9514-3C71D5867904}.Release|Any CPU.ActiveCfg = Release|Any CPU
		{7993F3E7-29EE-48A0-9514-3C71D5867904}.Release|Any CPU.Build.0 = Release|Any CPU
		{7993F3E7-29EE-48A0-9514-3C71D5867904}.Release|Mixed Platforms.ActiveCfg = Release|x86
		{7993F3E7-29EE-48A0-9514-3C71D5867904}.Release|Mixed Platforms.Build.0 = Release|x86
		{7993F3E7-29EE-48A0-9514-3C71D5867904}.Release|x86.ActiveCfg = Release|x86
		{7993F3E7-29EE-48A0-9514-3C71D5867904}.Release|x86.Build.0 = Release|x86
		{C006A8BF-39A9-4B1B-8699-170C1B9FB13E}.Debug|Any CPU.ActiveCfg = Debug|Any CPU
		{C006A8BF-39A9-4B1B-8699-170C1B9FB13E}.Debug|Any CPU.Build.0 = Debug|Any CPU
		{C006A8BF-39A9-4B1B-8699-170C1B9FB13E}.Debug|Mixed Platforms.ActiveCfg = Debug|x86
		{C006A8BF-39A9-4B1B-8699-170C1B9FB13E}.Debug|Mixed Platforms.Build.0 = Debug|x86
		{C006A8BF-39A9-4B1B-8699-170C1B9FB13E}.Debug|x86.ActiveCfg = Debug|x86
		{C006A8BF-39A9-4B1B-8699-170C1B9FB13E}.Debug|x86.Build.0 = Debug|x86
		{C006A8BF-39A9-4B1B-8699-170C1B9FB13E}.Release|Any CPU.ActiveCfg = Release|Any CPU
		{C006A8BF-39A9-4B1B-8699-170C1B9FB13E}.Release|Any CPU.Build.0 = Release|Any CPU
		{C006A8BF-39A9-4B1B-8699-170C1B9FB13E}.Release|Mixed Platforms.ActiveCfg = Release|x86
		{C006A8BF-39A9-4B1B-8699-170C1B9FB13E}.Release|Mixed Platforms.Build.0 = Release|x86
		{C006A8BF-39A9-4B1B-8699-170C1B9FB13E}.Release|x86.ActiveCfg = Release|x86
		{C006A8BF-39A9-4B1B-8699-170C1B9FB13E}.Release|x86.Build.0 = Release|x86
		{1DD35407-7EFF-460C-8FF2-F248F67942E7}.Debug|Any CPU.ActiveCfg = Debug
		{1DD35407-7EFF-460C-8FF2-F248F67942E7}.Debug|Any CPU.Build.0 = Debug
		{1DD35407-7EFF-460C-8FF2-F248F67942E7}.Debug|Mixed Platforms.ActiveCfg = Debug
		{1DD35407-7EFF-460C-8FF2-F248F67942E7}.Debug|Mixed Platforms.Build.0 = Debug
		{1DD35407-7EFF-460C-8FF2-F248F67942E7}.Debug|x86.ActiveCfg = Debug
		{1DD35407-7EFF-460C-8FF2-F248F67942E7}.Debug|x86.Build.0 = Debug
		{1DD35407-7EFF-460C-8FF2-F248F67942E7}.Release|Any CPU.ActiveCfg = Release
		{1DD35407-7EFF-460C-8FF2-F248F67942E7}.Release|Any CPU.Build.0 = Release
		{1DD35407-7EFF-460C-8FF2-F248F67942E7}.Release|Mixed Platforms.ActiveCfg = Release
		{1DD35407-7EFF-460C-8FF2-F248F67942E7}.Release|Mixed Platforms.Build.0 = Release
		{1DD35407-7EFF-460C-8FF2-F248F67942E7}.Release|x86.ActiveCfg = Release
		{1DD35407-7EFF-460C-8FF2-F248F67942E7}.Release|x86.Build.0 = Release
		{0DE033F4-B2F6-414B-B65A-F65F228CA66A}.Debug|Any CPU.ActiveCfg = Debug
		{0DE033F4-B2F6-414B-B65A-F65F228CA66A}.Debug|Any CPU.Build.0 = Debug
		{0DE033F4-B2F6-414B-B65A-F65F228CA66A}.Debug|Mixed Platforms.ActiveCfg = Debug
		{0DE033F4-B2F6-414B-B65A-F65F228CA66A}.Debug|Mixed Platforms.Build.0 = Debug
		{0DE033F4-B2F6-414B-B65A-F65F228CA66A}.Debug|x86.ActiveCfg = Debug
		{0DE033F4-B2F6-414B-B65A-F65F228CA66A}.Debug|x86.Build.0 = Debug
		{0DE033F4-B2F6-414B-B65A-F65F228CA66A}.Release|Any CPU.ActiveCfg = Release
		{0DE033F4-B2F6-414B-B65A-F65F228CA66A}.Release|Any CPU.Build.0 = Release
		{0DE033F4-B2F6-414B-B65A-F65F228CA66A}.Release|Mixed Platforms.ActiveCfg = Release
		{0DE033F4-B2F6-414B-B65A-F65F228CA66A}.Release|Mixed Platforms.Build.0 = Release
		{0DE033F4-B2F6-414B-B65A-F65F228CA66A}.Release|x86.ActiveCfg = Release
		{0DE033F4-B2F6-414B-B65A-F65F228CA66A}.Release|x86.Build.0 = Release
	EndGlobalSection
	GlobalSection(SolutionProperties) = preSolution
		HideSolutionNode = FALSE
	EndGlobalSection
EndGlobal
