
Microsoft Visual Studio Solution File, Format Version 11.00
# Visual Studio 2010
Project("{F184B08F-C81C-45F6-A57F-5ABD9991F28F}") = "Export Manager", "Export Manager\Export Manager.vbproj", "{09C8AFCE-3D7B-4F48-A067-DB8E68D4529F}"
EndProject
Project("{F184B08F-C81C-45F6-A57F-5ABD9991F28F}") = "DataMart.Library", "..\DataMart Class Library Solution\DataMart.Library\DataMart.Library.vbproj", "{D94DDA87-FE09-4644-9416-2BF8FE136D93}"
EndProject
Project("{F184B08F-C81C-45F6-A57F-5ABD9991F28F}") = "DataMart.Library.SqlProvider", "..\DataMart Class Library Solution\DataMart.Library.SqlProvider\DataMart.Library.SqlProvider.vbproj", "{EA181BE1-8009-48A1-B389-02642319C079}"
EndProject
Project("{F184B08F-C81C-45F6-A57F-5ABD9991F28F}") = "ExportServiceTester", "ExportServiceTester\ExportServiceTester.vbproj", "{EC132B71-7E89-441C-8119-1F7D49B4EDE0}"
EndProject
Project("{F184B08F-C81C-45F6-A57F-5ABD9991F28F}") = "DataMart Export Service", "DataMart Export Service\DataMart Export Service.vbproj", "{EA7996E6-22A2-4999-8781-EBFFF2329338}"
EndProject
Project("{54435603-DBB4-11D2-8724-00A0C9A8B90C}") = "DataMart Export Service Installer", "DataMart Export Service Installer\DataMart Export Service Installer.vdproj", "{F967E5D4-5E06-4A7B-B382-98CAF5A855E0}"
EndProject
Global
	GlobalSection(SolutionConfigurationPlatforms) = preSolution
		Debug|Any CPU = Debug|Any CPU
		Debug|x86 = Debug|x86
		Release|Any CPU = Release|Any CPU
		Release|x86 = Release|x86
	EndGlobalSection
	GlobalSection(ProjectConfigurationPlatforms) = postSolution
		{09C8AFCE-3D7B-4F48-A067-DB8E68D4529F}.Debug|Any CPU.ActiveCfg = Debug|Any CPU
		{09C8AFCE-3D7B-4F48-A067-DB8E68D4529F}.Debug|Any CPU.Build.0 = Debug|Any CPU
		{09C8AFCE-3D7B-4F48-A067-DB8E68D4529F}.Debug|x86.ActiveCfg = Debug|x86
		{09C8AFCE-3D7B-4F48-A067-DB8E68D4529F}.Debug|x86.Build.0 = Debug|x86
		{09C8AFCE-3D7B-4F48-A067-DB8E68D4529F}.Release|Any CPU.ActiveCfg = Release|Any CPU
		{09C8AFCE-3D7B-4F48-A067-DB8E68D4529F}.Release|Any CPU.Build.0 = Release|Any CPU
		{09C8AFCE-3D7B-4F48-A067-DB8E68D4529F}.Release|x86.ActiveCfg = Release|x86
		{09C8AFCE-3D7B-4F48-A067-DB8E68D4529F}.Release|x86.Build.0 = Release|x86
		{D94DDA87-FE09-4644-9416-2BF8FE136D93}.Debug|Any CPU.ActiveCfg = Debug|Any CPU
		{D94DDA87-FE09-4644-9416-2BF8FE136D93}.Debug|Any CPU.Build.0 = Debug|Any CPU
		{D94DDA87-FE09-4644-9416-2BF8FE136D93}.Debug|x86.ActiveCfg = Debug|x86
		{D94DDA87-FE09-4644-9416-2BF8FE136D93}.Debug|x86.Build.0 = Debug|x86
		{D94DDA87-FE09-4644-9416-2BF8FE136D93}.Release|Any CPU.ActiveCfg = Release|Any CPU
		{D94DDA87-FE09-4644-9416-2BF8FE136D93}.Release|Any CPU.Build.0 = Release|Any CPU
		{D94DDA87-FE09-4644-9416-2BF8FE136D93}.Release|x86.ActiveCfg = Release|x86
		{D94DDA87-FE09-4644-9416-2BF8FE136D93}.Release|x86.Build.0 = Release|x86
		{EA181BE1-8009-48A1-B389-02642319C079}.Debug|Any CPU.ActiveCfg = Debug|Any CPU
		{EA181BE1-8009-48A1-B389-02642319C079}.Debug|Any CPU.Build.0 = Debug|Any CPU
		{EA181BE1-8009-48A1-B389-02642319C079}.Debug|x86.ActiveCfg = Debug|x86
		{EA181BE1-8009-48A1-B389-02642319C079}.Debug|x86.Build.0 = Debug|x86
		{EA181BE1-8009-48A1-B389-02642319C079}.Release|Any CPU.ActiveCfg = Release|Any CPU
		{EA181BE1-8009-48A1-B389-02642319C079}.Release|Any CPU.Build.0 = Release|Any CPU
		{EA181BE1-8009-48A1-B389-02642319C079}.Release|x86.ActiveCfg = Release|x86
		{EA181BE1-8009-48A1-B389-02642319C079}.Release|x86.Build.0 = Release|x86
		{EC132B71-7E89-441C-8119-1F7D49B4EDE0}.Debug|Any CPU.ActiveCfg = Debug|Any CPU
		{EC132B71-7E89-441C-8119-1F7D49B4EDE0}.Debug|Any CPU.Build.0 = Debug|Any CPU
		{EC132B71-7E89-441C-8119-1F7D49B4EDE0}.Debug|x86.ActiveCfg = Debug|x86
		{EC132B71-7E89-441C-8119-1F7D49B4EDE0}.Debug|x86.Build.0 = Debug|x86
		{EC132B71-7E89-441C-8119-1F7D49B4EDE0}.Release|Any CPU.ActiveCfg = Release|Any CPU
		{EC132B71-7E89-441C-8119-1F7D49B4EDE0}.Release|Any CPU.Build.0 = Release|Any CPU
		{EC132B71-7E89-441C-8119-1F7D49B4EDE0}.Release|x86.ActiveCfg = Release|x86
		{EC132B71-7E89-441C-8119-1F7D49B4EDE0}.Release|x86.Build.0 = Release|x86
		{EA7996E6-22A2-4999-8781-EBFFF2329338}.Debug|Any CPU.ActiveCfg = Debug|Any CPU
		{EA7996E6-22A2-4999-8781-EBFFF2329338}.Debug|Any CPU.Build.0 = Debug|Any CPU
		{EA7996E6-22A2-4999-8781-EBFFF2329338}.Debug|x86.ActiveCfg = Debug|x86
		{EA7996E6-22A2-4999-8781-EBFFF2329338}.Debug|x86.Build.0 = Debug|x86
		{EA7996E6-22A2-4999-8781-EBFFF2329338}.Release|Any CPU.ActiveCfg = Release|Any CPU
		{EA7996E6-22A2-4999-8781-EBFFF2329338}.Release|Any CPU.Build.0 = Release|Any CPU
		{EA7996E6-22A2-4999-8781-EBFFF2329338}.Release|x86.ActiveCfg = Release|x86
		{EA7996E6-22A2-4999-8781-EBFFF2329338}.Release|x86.Build.0 = Release|x86
		{F967E5D4-5E06-4A7B-B382-98CAF5A855E0}.Debug|Any CPU.ActiveCfg = Debug
		{F967E5D4-5E06-4A7B-B382-98CAF5A855E0}.Debug|x86.ActiveCfg = Debug
		{F967E5D4-5E06-4A7B-B382-98CAF5A855E0}.Release|Any CPU.ActiveCfg = Release
		{F967E5D4-5E06-4A7B-B382-98CAF5A855E0}.Release|Any CPU.Build.0 = Release
		{F967E5D4-5E06-4A7B-B382-98CAF5A855E0}.Release|x86.ActiveCfg = Release
		{F967E5D4-5E06-4A7B-B382-98CAF5A855E0}.Release|x86.Build.0 = Release
	EndGlobalSection
	GlobalSection(SolutionProperties) = preSolution
		HideSolutionNode = FALSE
	EndGlobalSection
EndGlobal
