
Microsoft Visual Studio Solution File, Format Version 9.00
# Visual Studio 2005
Project("{F184B08F-C81C-45F6-A57F-5ABD9991F28F}") = "DataLoader Website", "Data Loader Website\DataLoader Website.vbproj", "{7811F6B4-2AE7-472D-B1AB-5627CA12A0C4}"
	ProjectSection(WebsiteProperties) = preProject
		Debug.AspNetCompiler.Debug = "True"
		Release.AspNetCompiler.Debug = "False"
		VWDPort = "42348"
	EndProjectSection
EndProject
Project("{2150E333-8FDC-42A3-9474-1A3956D46DE8}") = "Solution Items", "Solution Items", "{C464E10C-07CB-40F3-BE2C-1A5DC3C8CA75}"
	ProjectSection(WebsiteProperties) = preProject
		Debug.AspNetCompiler.Debug = "True"
		Release.AspNetCompiler.Debug = "False"
	EndProjectSection
	ProjectSection(SolutionItems) = preProject
		DataLoader Solution.vsmdi = DataLoader Solution.vsmdi
		localtestrun.testrunconfig = localtestrun.testrunconfig
	EndProjectSection
EndProject
Project("{F184B08F-C81C-45F6-A57F-5ABD9991F28F}") = "DataLoader.Library", "DataLoader.Library\DataLoader.Library.vbproj", "{4CFF8F1F-0634-45A1-9E69-06B0E28090CA}"
	ProjectSection(WebsiteProperties) = preProject
		Debug.AspNetCompiler.Debug = "True"
		Release.AspNetCompiler.Debug = "False"
	EndProjectSection
EndProject
Project("{F184B08F-C81C-45F6-A57F-5ABD9991F28F}") = "DataLoader.Library.SQLProvider", "DataLoader.Library.SQLProvider\DataLoader.Library.SQLProvider.vbproj", "{59AE7F31-D5B5-47AB-AA81-9780E2BD7C6A}"
	ProjectSection(WebsiteProperties) = preProject
		Debug.AspNetCompiler.Debug = "True"
		Release.AspNetCompiler.Debug = "False"
	EndProjectSection
EndProject
Project("{F184B08F-C81C-45F6-A57F-5ABD9991F28F}") = "Qualisys.QLoader.Library", "..\QualiSys Class Library Solution\Qualisys.QLoader.Library\Qualisys.QLoader.Library.vbproj", "{9E12046E-7AB1-4BB4-89F8-D2ACAA7CD811}"
	ProjectSection(WebsiteProperties) = preProject
		Debug.AspNetCompiler.Debug = "True"
		Release.AspNetCompiler.Debug = "False"
	EndProjectSection
EndProject
Project("{F184B08F-C81C-45F6-A57F-5ABD9991F28F}") = "Qualisys.QLoader.Library.SqlProvider", "..\QualiSys Class Library Solution\Qualisys.QLoader.Library.SqlProvider\Qualisys.QLoader.Library.SqlProvider.vbproj", "{8C82B762-7494-478C-B8D6-E75958616F05}"
	ProjectSection(WebsiteProperties) = preProject
		Debug.AspNetCompiler.Debug = "True"
		Release.AspNetCompiler.Debug = "False"
	EndProjectSection
EndProject
Global
	GlobalSection(SolutionConfigurationPlatforms) = preSolution
		Debug|Any CPU = Debug|Any CPU
		Release|Any CPU = Release|Any CPU
	EndGlobalSection
	GlobalSection(ProjectConfigurationPlatforms) = postSolution
		{7811F6B4-2AE7-472D-B1AB-5627CA12A0C4}.Debug|Any CPU.ActiveCfg = Debug|Any CPU
		{7811F6B4-2AE7-472D-B1AB-5627CA12A0C4}.Debug|Any CPU.Build.0 = Debug|Any CPU
		{7811F6B4-2AE7-472D-B1AB-5627CA12A0C4}.Release|Any CPU.ActiveCfg = Release|Any CPU
		{7811F6B4-2AE7-472D-B1AB-5627CA12A0C4}.Release|Any CPU.Build.0 = Release|Any CPU
		{4CFF8F1F-0634-45A1-9E69-06B0E28090CA}.Debug|Any CPU.ActiveCfg = Debug|Any CPU
		{4CFF8F1F-0634-45A1-9E69-06B0E28090CA}.Debug|Any CPU.Build.0 = Debug|Any CPU
		{4CFF8F1F-0634-45A1-9E69-06B0E28090CA}.Release|Any CPU.ActiveCfg = Release|Any CPU
		{4CFF8F1F-0634-45A1-9E69-06B0E28090CA}.Release|Any CPU.Build.0 = Release|Any CPU
		{59AE7F31-D5B5-47AB-AA81-9780E2BD7C6A}.Debug|Any CPU.ActiveCfg = Debug|Any CPU
		{59AE7F31-D5B5-47AB-AA81-9780E2BD7C6A}.Debug|Any CPU.Build.0 = Debug|Any CPU
		{59AE7F31-D5B5-47AB-AA81-9780E2BD7C6A}.Release|Any CPU.ActiveCfg = Release|Any CPU
		{59AE7F31-D5B5-47AB-AA81-9780E2BD7C6A}.Release|Any CPU.Build.0 = Release|Any CPU
		{9E12046E-7AB1-4BB4-89F8-D2ACAA7CD811}.Debug|Any CPU.ActiveCfg = Debug|Any CPU
		{9E12046E-7AB1-4BB4-89F8-D2ACAA7CD811}.Debug|Any CPU.Build.0 = Debug|Any CPU
		{9E12046E-7AB1-4BB4-89F8-D2ACAA7CD811}.Release|Any CPU.ActiveCfg = Release|Any CPU
		{9E12046E-7AB1-4BB4-89F8-D2ACAA7CD811}.Release|Any CPU.Build.0 = Release|Any CPU
		{8C82B762-7494-478C-B8D6-E75958616F05}.Debug|Any CPU.ActiveCfg = Debug|Any CPU
		{8C82B762-7494-478C-B8D6-E75958616F05}.Debug|Any CPU.Build.0 = Debug|Any CPU
		{8C82B762-7494-478C-B8D6-E75958616F05}.Release|Any CPU.ActiveCfg = Release|Any CPU
		{8C82B762-7494-478C-B8D6-E75958616F05}.Release|Any CPU.Build.0 = Release|Any CPU
	EndGlobalSection
	GlobalSection(SolutionProperties) = preSolution
		HideSolutionNode = FALSE
	EndGlobalSection
	GlobalSection(TeamFoundationVersionControl) = preSolution
		SccNumberOfProjects = 6
		SccEnterpriseProvider = {4CA58AB2-18FA-4F8D-95D4-32DDF27D184C}
		SccTeamFoundationServer = http://perseus:8080/
		SccProjectUniqueName0 = Data\u0020Loader\u0020Website\\DataLoader\u0020Website.vbproj
		SccProjectName0 = Data\u0020Loader\u0020Website
		SccLocalPath0 = Data\u0020Loader\u0020Website
		SccProjectUniqueName1 = DataLoader.Library\\DataLoader.Library.vbproj
		SccProjectName1 = DataLoader.Library
		SccLocalPath1 = DataLoader.Library
		SccProjectUniqueName2 = DataLoader.Library.SQLProvider\\DataLoader.Library.SQLProvider.vbproj
		SccProjectName2 = DataLoader.Library.SQLProvider
		SccLocalPath2 = DataLoader.Library.SQLProvider
		SccProjectUniqueName3 = ..\\QualiSys\u0020Class\u0020Library\u0020Solution\\Qualisys.QLoader.Library\\Qualisys.QLoader.Library.vbproj
		SccProjectName3 = ../QualiSys\u0020Class\u0020Library\u0020Solution/Qualisys.QLoader.Library
		SccLocalPath3 = ..\\QualiSys\u0020Class\u0020Library\u0020Solution\\Qualisys.QLoader.Library
		SccProjectUniqueName4 = ..\\QualiSys\u0020Class\u0020Library\u0020Solution\\Qualisys.QLoader.Library.SqlProvider\\Qualisys.QLoader.Library.SqlProvider.vbproj
		SccProjectName4 = ../QualiSys\u0020Class\u0020Library\u0020Solution/Qualisys.QLoader.Library.SqlProvider
		SccLocalPath4 = ..\\QualiSys\u0020Class\u0020Library\u0020Solution\\Qualisys.QLoader.Library.SqlProvider
		SccLocalPath5 = .
	EndGlobalSection
EndGlobal
