
Microsoft Visual Studio Solution File, Format Version 12.00
# Visual Studio 2013
VisualStudioVersion = 12.0.40629.0
MinimumVisualStudioVersion = 10.0.40219.1
Project("{F184B08F-C81C-45F6-A57F-5ABD9991F28F}") = "PayerSolutionsETL", "PayerSolutionsETL\PayerSolutionsETL.vbproj", "{C4B5A838-2708-40D6-8E76-24BD5EED239F}"
EndProject
Project("{F184B08F-C81C-45F6-A57F-5ABD9991F28F}") = "SurveyPoint.Library", "..\SurveyPoint Class Library Solution\SurveyPoint.Library\SurveyPoint.Library.vbproj", "{22006699-74C3-4AE2-B529-FA1F0804DA25}"
EndProject
Project("{F184B08F-C81C-45F6-A57F-5ABD9991F28F}") = "SurveyPoint.Library.SqlDataProvider", "..\SurveyPoint Class Library Solution\SurveyPoint.Library.SqlDataProvider\SurveyPoint.Library.SqlDataProvider.vbproj", "{2AD098FB-4201-43D4-8133-F8A5EDC5E155}"
EndProject
Global
	GlobalSection(SolutionConfigurationPlatforms) = preSolution
		Development|Any CPU = Development|Any CPU
		Development|x86 = Development|x86
		Production|Any CPU = Production|Any CPU
		Production|x86 = Production|x86
		Release|Any CPU = Release|Any CPU
		Release|x86 = Release|x86
		Staging|Any CPU = Staging|Any CPU
		Staging|x86 = Staging|x86
		Testing|Any CPU = Testing|Any CPU
		Testing|x86 = Testing|x86
	EndGlobalSection
	GlobalSection(ProjectConfigurationPlatforms) = postSolution
		{C4B5A838-2708-40D6-8E76-24BD5EED239F}.Development|Any CPU.ActiveCfg = Development|Any CPU
		{C4B5A838-2708-40D6-8E76-24BD5EED239F}.Development|Any CPU.Build.0 = Development|Any CPU
		{C4B5A838-2708-40D6-8E76-24BD5EED239F}.Development|x86.ActiveCfg = Development|x86
		{C4B5A838-2708-40D6-8E76-24BD5EED239F}.Development|x86.Build.0 = Development|x86
		{C4B5A838-2708-40D6-8E76-24BD5EED239F}.Production|Any CPU.ActiveCfg = Production|Any CPU
		{C4B5A838-2708-40D6-8E76-24BD5EED239F}.Production|Any CPU.Build.0 = Production|Any CPU
		{C4B5A838-2708-40D6-8E76-24BD5EED239F}.Production|x86.ActiveCfg = Production|x86
		{C4B5A838-2708-40D6-8E76-24BD5EED239F}.Production|x86.Build.0 = Production|x86
		{C4B5A838-2708-40D6-8E76-24BD5EED239F}.Release|Any CPU.ActiveCfg = Release|Any CPU
		{C4B5A838-2708-40D6-8E76-24BD5EED239F}.Release|Any CPU.Build.0 = Release|Any CPU
		{C4B5A838-2708-40D6-8E76-24BD5EED239F}.Release|x86.ActiveCfg = Release|x86
		{C4B5A838-2708-40D6-8E76-24BD5EED239F}.Release|x86.Build.0 = Release|x86
		{C4B5A838-2708-40D6-8E76-24BD5EED239F}.Staging|Any CPU.ActiveCfg = Staging|Any CPU
		{C4B5A838-2708-40D6-8E76-24BD5EED239F}.Staging|Any CPU.Build.0 = Staging|Any CPU
		{C4B5A838-2708-40D6-8E76-24BD5EED239F}.Staging|x86.ActiveCfg = Staging|x86
		{C4B5A838-2708-40D6-8E76-24BD5EED239F}.Staging|x86.Build.0 = Staging|x86
		{C4B5A838-2708-40D6-8E76-24BD5EED239F}.Testing|Any CPU.ActiveCfg = Testing|Any CPU
		{C4B5A838-2708-40D6-8E76-24BD5EED239F}.Testing|Any CPU.Build.0 = Testing|Any CPU
		{C4B5A838-2708-40D6-8E76-24BD5EED239F}.Testing|x86.ActiveCfg = Testing|x86
		{C4B5A838-2708-40D6-8E76-24BD5EED239F}.Testing|x86.Build.0 = Testing|x86
		{22006699-74C3-4AE2-B529-FA1F0804DA25}.Development|Any CPU.ActiveCfg = Development|Any CPU
		{22006699-74C3-4AE2-B529-FA1F0804DA25}.Development|Any CPU.Build.0 = Development|Any CPU
		{22006699-74C3-4AE2-B529-FA1F0804DA25}.Development|x86.ActiveCfg = Development|x86
		{22006699-74C3-4AE2-B529-FA1F0804DA25}.Development|x86.Build.0 = Development|x86
		{22006699-74C3-4AE2-B529-FA1F0804DA25}.Production|Any CPU.ActiveCfg = Production|Any CPU
		{22006699-74C3-4AE2-B529-FA1F0804DA25}.Production|Any CPU.Build.0 = Production|Any CPU
		{22006699-74C3-4AE2-B529-FA1F0804DA25}.Production|x86.ActiveCfg = Production|x86
		{22006699-74C3-4AE2-B529-FA1F0804DA25}.Production|x86.Build.0 = Production|x86
		{22006699-74C3-4AE2-B529-FA1F0804DA25}.Release|Any CPU.ActiveCfg = Release|Any CPU
		{22006699-74C3-4AE2-B529-FA1F0804DA25}.Release|Any CPU.Build.0 = Release|Any CPU
		{22006699-74C3-4AE2-B529-FA1F0804DA25}.Release|x86.ActiveCfg = Release|x86
		{22006699-74C3-4AE2-B529-FA1F0804DA25}.Release|x86.Build.0 = Release|x86
		{22006699-74C3-4AE2-B529-FA1F0804DA25}.Staging|Any CPU.ActiveCfg = Staging|Any CPU
		{22006699-74C3-4AE2-B529-FA1F0804DA25}.Staging|Any CPU.Build.0 = Staging|Any CPU
		{22006699-74C3-4AE2-B529-FA1F0804DA25}.Staging|x86.ActiveCfg = Staging|x86
		{22006699-74C3-4AE2-B529-FA1F0804DA25}.Staging|x86.Build.0 = Staging|x86
		{22006699-74C3-4AE2-B529-FA1F0804DA25}.Testing|Any CPU.ActiveCfg = Testing|Any CPU
		{22006699-74C3-4AE2-B529-FA1F0804DA25}.Testing|Any CPU.Build.0 = Testing|Any CPU
		{22006699-74C3-4AE2-B529-FA1F0804DA25}.Testing|x86.ActiveCfg = Testing|x86
		{22006699-74C3-4AE2-B529-FA1F0804DA25}.Testing|x86.Build.0 = Testing|x86
		{2AD098FB-4201-43D4-8133-F8A5EDC5E155}.Development|Any CPU.ActiveCfg = Development|Any CPU
		{2AD098FB-4201-43D4-8133-F8A5EDC5E155}.Development|Any CPU.Build.0 = Development|Any CPU
		{2AD098FB-4201-43D4-8133-F8A5EDC5E155}.Development|x86.ActiveCfg = Development|x86
		{2AD098FB-4201-43D4-8133-F8A5EDC5E155}.Development|x86.Build.0 = Development|x86
		{2AD098FB-4201-43D4-8133-F8A5EDC5E155}.Production|Any CPU.ActiveCfg = Production|Any CPU
		{2AD098FB-4201-43D4-8133-F8A5EDC5E155}.Production|Any CPU.Build.0 = Production|Any CPU
		{2AD098FB-4201-43D4-8133-F8A5EDC5E155}.Production|x86.ActiveCfg = Production|x86
		{2AD098FB-4201-43D4-8133-F8A5EDC5E155}.Production|x86.Build.0 = Production|x86
		{2AD098FB-4201-43D4-8133-F8A5EDC5E155}.Release|Any CPU.ActiveCfg = Release|Any CPU
		{2AD098FB-4201-43D4-8133-F8A5EDC5E155}.Release|Any CPU.Build.0 = Release|Any CPU
		{2AD098FB-4201-43D4-8133-F8A5EDC5E155}.Release|x86.ActiveCfg = Release|x86
		{2AD098FB-4201-43D4-8133-F8A5EDC5E155}.Release|x86.Build.0 = Release|x86
		{2AD098FB-4201-43D4-8133-F8A5EDC5E155}.Staging|Any CPU.ActiveCfg = Staging|Any CPU
		{2AD098FB-4201-43D4-8133-F8A5EDC5E155}.Staging|Any CPU.Build.0 = Staging|Any CPU
		{2AD098FB-4201-43D4-8133-F8A5EDC5E155}.Staging|x86.ActiveCfg = Staging|x86
		{2AD098FB-4201-43D4-8133-F8A5EDC5E155}.Staging|x86.Build.0 = Staging|x86
		{2AD098FB-4201-43D4-8133-F8A5EDC5E155}.Testing|Any CPU.ActiveCfg = Testing|Any CPU
		{2AD098FB-4201-43D4-8133-F8A5EDC5E155}.Testing|Any CPU.Build.0 = Testing|Any CPU
		{2AD098FB-4201-43D4-8133-F8A5EDC5E155}.Testing|x86.ActiveCfg = Testing|x86
		{2AD098FB-4201-43D4-8133-F8A5EDC5E155}.Testing|x86.Build.0 = Testing|x86
	EndGlobalSection
	GlobalSection(SolutionProperties) = preSolution
		HideSolutionNode = FALSE
	EndGlobalSection
EndGlobal
