
Microsoft Visual Studio Solution File, Format Version 12.00
# Visual Studio 2013
VisualStudioVersion = 12.0.40629.0
MinimumVisualStudioVersion = 10.0.40219.1
Project("{FAE04EC0-301F-11D3-BF4B-00C04F79EFBC}") = "WebSurveyEmailService", "WebSurveyEmailService\WebSurveyEmailService.csproj", "{550FF3D7-BAF2-475C-99CA-5A6721B42728}"
EndProject
Project("{FAE04EC0-301F-11D3-BF4B-00C04F79EFBC}") = "WebSurveyLibrary", "WebSurveyLibrary\WebSurveyLibrary.csproj", "{45FE84D3-4AED-4E31-8B3F-1E3F8560B161}"
EndProject
Project("{FAE04EC0-301F-11D3-BF4B-00C04F79EFBC}") = "WebSurveyEmailProcessTestApplication", "WebSurveyEmailProcessTestApplication\WebSurveyEmailProcessTestApplication.csproj", "{D1162412-6F4B-47B7-83B4-5C906DF0E23A}"
EndProject
Project("{F184B08F-C81C-45F6-A57F-5ABD9991F28F}") = "Nrc.Framework.BusinessLogic", "..\..\NRC Framework Solution\Nrc.Framework.BusinessLogic\Nrc.Framework.BusinessLogic.vbproj", "{C5A6EE1A-D5BF-4059-87CF-ACA302979820}"
EndProject
Project("{2150E333-8FDC-42A3-9474-1A3956D46DE8}") = ".nuget", ".nuget", "{73D0C326-1870-4FD4-9D82-622FA2D77E04}"
	ProjectSection(SolutionItems) = preProject
		.nuget\NuGet.Config = .nuget\NuGet.Config
		.nuget\NuGet.exe = .nuget\NuGet.exe
		.nuget\NuGet.targets = .nuget\NuGet.targets
	EndProjectSection
EndProject
Project("{F184B08F-C81C-45F6-A57F-5ABD9991F28F}") = "Nrc.Framework.Notification", "..\..\NRC Framework Solution\Nrc.Framework.Notification\Nrc.Framework.Notification.vbproj", "{27AB551E-D67F-4B03-BAB5-E7172E105217}"
EndProject
Project("{F184B08F-C81C-45F6-A57F-5ABD9991F28F}") = "Nrc.Framework", "..\..\NRC Framework Solution\Nrc.Framework\Nrc.Framework.vbproj", "{4616369F-A6A3-4192-93A9-23B3E6E2D0BC}"
EndProject
Project("{FAE04EC0-301F-11D3-BF4B-00C04F79EFBC}") = "GenerateTestEmail", "GenerateTestEmail\GenerateTestEmail.csproj", "{A60A18F5-309D-4AB5-987B-E88A94E8A3EB}"
EndProject
Global
	GlobalSection(SolutionConfigurationPlatforms) = preSolution
		CD_ROM|Any CPU = CD_ROM|Any CPU
		CD_ROM|x86 = CD_ROM|x86
		Debug|Any CPU = Debug|Any CPU
		Debug|x86 = Debug|x86
		DVD-5|Any CPU = DVD-5|Any CPU
		DVD-5|x86 = DVD-5|x86
		PRODUCTION|Any CPU = PRODUCTION|Any CPU
		PRODUCTION|x86 = PRODUCTION|x86
		Release|Any CPU = Release|Any CPU
		Release|x86 = Release|x86
		SingleImage|Any CPU = SingleImage|Any CPU
		SingleImage|x86 = SingleImage|x86
	EndGlobalSection
	GlobalSection(ProjectConfigurationPlatforms) = postSolution
		{550FF3D7-BAF2-475C-99CA-5A6721B42728}.CD_ROM|Any CPU.ActiveCfg = Release|Any CPU
		{550FF3D7-BAF2-475C-99CA-5A6721B42728}.CD_ROM|Any CPU.Build.0 = Release|Any CPU
		{550FF3D7-BAF2-475C-99CA-5A6721B42728}.CD_ROM|x86.ActiveCfg = Release|x86
		{550FF3D7-BAF2-475C-99CA-5A6721B42728}.CD_ROM|x86.Build.0 = Release|x86
		{550FF3D7-BAF2-475C-99CA-5A6721B42728}.Debug|Any CPU.ActiveCfg = Debug|x86
		{550FF3D7-BAF2-475C-99CA-5A6721B42728}.Debug|Any CPU.Build.0 = Debug|x86
		{550FF3D7-BAF2-475C-99CA-5A6721B42728}.Debug|x86.ActiveCfg = Debug|x86
		{550FF3D7-BAF2-475C-99CA-5A6721B42728}.Debug|x86.Build.0 = Debug|x86
		{550FF3D7-BAF2-475C-99CA-5A6721B42728}.DVD-5|Any CPU.ActiveCfg = Debug|Any CPU
		{550FF3D7-BAF2-475C-99CA-5A6721B42728}.DVD-5|Any CPU.Build.0 = Debug|Any CPU
		{550FF3D7-BAF2-475C-99CA-5A6721B42728}.DVD-5|x86.ActiveCfg = Debug|x86
		{550FF3D7-BAF2-475C-99CA-5A6721B42728}.DVD-5|x86.Build.0 = Debug|x86
		{550FF3D7-BAF2-475C-99CA-5A6721B42728}.PRODUCTION|Any CPU.ActiveCfg = Debug|Any CPU
		{550FF3D7-BAF2-475C-99CA-5A6721B42728}.PRODUCTION|Any CPU.Build.0 = Debug|Any CPU
		{550FF3D7-BAF2-475C-99CA-5A6721B42728}.PRODUCTION|x86.ActiveCfg = Release|x86
		{550FF3D7-BAF2-475C-99CA-5A6721B42728}.PRODUCTION|x86.Build.0 = Release|x86
		{550FF3D7-BAF2-475C-99CA-5A6721B42728}.Release|Any CPU.ActiveCfg = Release|Any CPU
		{550FF3D7-BAF2-475C-99CA-5A6721B42728}.Release|Any CPU.Build.0 = Release|Any CPU
		{550FF3D7-BAF2-475C-99CA-5A6721B42728}.Release|x86.ActiveCfg = Release|x86
		{550FF3D7-BAF2-475C-99CA-5A6721B42728}.Release|x86.Build.0 = Release|x86
		{550FF3D7-BAF2-475C-99CA-5A6721B42728}.SingleImage|Any CPU.ActiveCfg = Release|Any CPU
		{550FF3D7-BAF2-475C-99CA-5A6721B42728}.SingleImage|Any CPU.Build.0 = Release|Any CPU
		{550FF3D7-BAF2-475C-99CA-5A6721B42728}.SingleImage|x86.ActiveCfg = Release|x86
		{550FF3D7-BAF2-475C-99CA-5A6721B42728}.SingleImage|x86.Build.0 = Release|x86
		{45FE84D3-4AED-4E31-8B3F-1E3F8560B161}.CD_ROM|Any CPU.ActiveCfg = Release|Any CPU
		{45FE84D3-4AED-4E31-8B3F-1E3F8560B161}.CD_ROM|Any CPU.Build.0 = Release|Any CPU
		{45FE84D3-4AED-4E31-8B3F-1E3F8560B161}.CD_ROM|x86.ActiveCfg = Release|x86
		{45FE84D3-4AED-4E31-8B3F-1E3F8560B161}.CD_ROM|x86.Build.0 = Release|x86
		{45FE84D3-4AED-4E31-8B3F-1E3F8560B161}.Debug|Any CPU.ActiveCfg = Debug|x86
		{45FE84D3-4AED-4E31-8B3F-1E3F8560B161}.Debug|Any CPU.Build.0 = Debug|x86
		{45FE84D3-4AED-4E31-8B3F-1E3F8560B161}.Debug|x86.ActiveCfg = Debug|x86
		{45FE84D3-4AED-4E31-8B3F-1E3F8560B161}.Debug|x86.Build.0 = Debug|x86
		{45FE84D3-4AED-4E31-8B3F-1E3F8560B161}.DVD-5|Any CPU.ActiveCfg = Debug|Any CPU
		{45FE84D3-4AED-4E31-8B3F-1E3F8560B161}.DVD-5|Any CPU.Build.0 = Debug|Any CPU
		{45FE84D3-4AED-4E31-8B3F-1E3F8560B161}.DVD-5|x86.ActiveCfg = Debug|x86
		{45FE84D3-4AED-4E31-8B3F-1E3F8560B161}.DVD-5|x86.Build.0 = Debug|x86
		{45FE84D3-4AED-4E31-8B3F-1E3F8560B161}.PRODUCTION|Any CPU.ActiveCfg = Debug|Any CPU
		{45FE84D3-4AED-4E31-8B3F-1E3F8560B161}.PRODUCTION|Any CPU.Build.0 = Debug|Any CPU
		{45FE84D3-4AED-4E31-8B3F-1E3F8560B161}.PRODUCTION|x86.ActiveCfg = Release|x86
		{45FE84D3-4AED-4E31-8B3F-1E3F8560B161}.PRODUCTION|x86.Build.0 = Release|x86
		{45FE84D3-4AED-4E31-8B3F-1E3F8560B161}.Release|Any CPU.ActiveCfg = Release|Any CPU
		{45FE84D3-4AED-4E31-8B3F-1E3F8560B161}.Release|Any CPU.Build.0 = Release|Any CPU
		{45FE84D3-4AED-4E31-8B3F-1E3F8560B161}.Release|x86.ActiveCfg = Release|x86
		{45FE84D3-4AED-4E31-8B3F-1E3F8560B161}.Release|x86.Build.0 = Release|x86
		{45FE84D3-4AED-4E31-8B3F-1E3F8560B161}.SingleImage|Any CPU.ActiveCfg = Release|Any CPU
		{45FE84D3-4AED-4E31-8B3F-1E3F8560B161}.SingleImage|Any CPU.Build.0 = Release|Any CPU
		{45FE84D3-4AED-4E31-8B3F-1E3F8560B161}.SingleImage|x86.ActiveCfg = Release|x86
		{45FE84D3-4AED-4E31-8B3F-1E3F8560B161}.SingleImage|x86.Build.0 = Release|x86
		{D1162412-6F4B-47B7-83B4-5C906DF0E23A}.CD_ROM|Any CPU.ActiveCfg = Release|Any CPU
		{D1162412-6F4B-47B7-83B4-5C906DF0E23A}.CD_ROM|Any CPU.Build.0 = Release|Any CPU
		{D1162412-6F4B-47B7-83B4-5C906DF0E23A}.CD_ROM|x86.ActiveCfg = Release|x86
		{D1162412-6F4B-47B7-83B4-5C906DF0E23A}.CD_ROM|x86.Build.0 = Release|x86
		{D1162412-6F4B-47B7-83B4-5C906DF0E23A}.Debug|Any CPU.ActiveCfg = Debug|x86
		{D1162412-6F4B-47B7-83B4-5C906DF0E23A}.Debug|Any CPU.Build.0 = Debug|x86
		{D1162412-6F4B-47B7-83B4-5C906DF0E23A}.Debug|x86.ActiveCfg = Debug|x86
		{D1162412-6F4B-47B7-83B4-5C906DF0E23A}.Debug|x86.Build.0 = Debug|x86
		{D1162412-6F4B-47B7-83B4-5C906DF0E23A}.DVD-5|Any CPU.ActiveCfg = Debug|Any CPU
		{D1162412-6F4B-47B7-83B4-5C906DF0E23A}.DVD-5|Any CPU.Build.0 = Debug|Any CPU
		{D1162412-6F4B-47B7-83B4-5C906DF0E23A}.DVD-5|x86.ActiveCfg = Debug|x86
		{D1162412-6F4B-47B7-83B4-5C906DF0E23A}.DVD-5|x86.Build.0 = Debug|x86
		{D1162412-6F4B-47B7-83B4-5C906DF0E23A}.PRODUCTION|Any CPU.ActiveCfg = Debug|Any CPU
		{D1162412-6F4B-47B7-83B4-5C906DF0E23A}.PRODUCTION|Any CPU.Build.0 = Debug|Any CPU
		{D1162412-6F4B-47B7-83B4-5C906DF0E23A}.PRODUCTION|x86.ActiveCfg = Release|x86
		{D1162412-6F4B-47B7-83B4-5C906DF0E23A}.PRODUCTION|x86.Build.0 = Release|x86
		{D1162412-6F4B-47B7-83B4-5C906DF0E23A}.Release|Any CPU.ActiveCfg = Release|Any CPU
		{D1162412-6F4B-47B7-83B4-5C906DF0E23A}.Release|Any CPU.Build.0 = Release|Any CPU
		{D1162412-6F4B-47B7-83B4-5C906DF0E23A}.Release|x86.ActiveCfg = Release|x86
		{D1162412-6F4B-47B7-83B4-5C906DF0E23A}.Release|x86.Build.0 = Release|x86
		{D1162412-6F4B-47B7-83B4-5C906DF0E23A}.SingleImage|Any CPU.ActiveCfg = Release|Any CPU
		{D1162412-6F4B-47B7-83B4-5C906DF0E23A}.SingleImage|Any CPU.Build.0 = Release|Any CPU
		{D1162412-6F4B-47B7-83B4-5C906DF0E23A}.SingleImage|x86.ActiveCfg = Release|x86
		{D1162412-6F4B-47B7-83B4-5C906DF0E23A}.SingleImage|x86.Build.0 = Release|x86
		{C5A6EE1A-D5BF-4059-87CF-ACA302979820}.CD_ROM|Any CPU.ActiveCfg = PRODUCTION|Any CPU
		{C5A6EE1A-D5BF-4059-87CF-ACA302979820}.CD_ROM|Any CPU.Build.0 = PRODUCTION|Any CPU
		{C5A6EE1A-D5BF-4059-87CF-ACA302979820}.CD_ROM|x86.ActiveCfg = PRODUCTION|x86
		{C5A6EE1A-D5BF-4059-87CF-ACA302979820}.CD_ROM|x86.Build.0 = PRODUCTION|x86
		{C5A6EE1A-D5BF-4059-87CF-ACA302979820}.Debug|Any CPU.ActiveCfg = Debug|Any CPU
		{C5A6EE1A-D5BF-4059-87CF-ACA302979820}.Debug|Any CPU.Build.0 = Debug|Any CPU
		{C5A6EE1A-D5BF-4059-87CF-ACA302979820}.Debug|x86.ActiveCfg = Debug|x86
		{C5A6EE1A-D5BF-4059-87CF-ACA302979820}.Debug|x86.Build.0 = Debug|x86
		{C5A6EE1A-D5BF-4059-87CF-ACA302979820}.DVD-5|Any CPU.ActiveCfg = Debug|Any CPU
		{C5A6EE1A-D5BF-4059-87CF-ACA302979820}.DVD-5|Any CPU.Build.0 = Debug|Any CPU
		{C5A6EE1A-D5BF-4059-87CF-ACA302979820}.DVD-5|x86.ActiveCfg = Debug|x86
		{C5A6EE1A-D5BF-4059-87CF-ACA302979820}.DVD-5|x86.Build.0 = Debug|x86
		{C5A6EE1A-D5BF-4059-87CF-ACA302979820}.PRODUCTION|Any CPU.ActiveCfg = PRODUCTION|Any CPU
		{C5A6EE1A-D5BF-4059-87CF-ACA302979820}.PRODUCTION|Any CPU.Build.0 = PRODUCTION|Any CPU
		{C5A6EE1A-D5BF-4059-87CF-ACA302979820}.PRODUCTION|x86.ActiveCfg = PRODUCTION|x86
		{C5A6EE1A-D5BF-4059-87CF-ACA302979820}.PRODUCTION|x86.Build.0 = PRODUCTION|x86
		{C5A6EE1A-D5BF-4059-87CF-ACA302979820}.Release|Any CPU.ActiveCfg = Release|Any CPU
		{C5A6EE1A-D5BF-4059-87CF-ACA302979820}.Release|Any CPU.Build.0 = Release|Any CPU
		{C5A6EE1A-D5BF-4059-87CF-ACA302979820}.Release|x86.ActiveCfg = Release|x86
		{C5A6EE1A-D5BF-4059-87CF-ACA302979820}.Release|x86.Build.0 = Release|x86
		{C5A6EE1A-D5BF-4059-87CF-ACA302979820}.SingleImage|Any CPU.ActiveCfg = PRODUCTION|Any CPU
		{C5A6EE1A-D5BF-4059-87CF-ACA302979820}.SingleImage|Any CPU.Build.0 = PRODUCTION|Any CPU
		{C5A6EE1A-D5BF-4059-87CF-ACA302979820}.SingleImage|x86.ActiveCfg = PRODUCTION|x86
		{C5A6EE1A-D5BF-4059-87CF-ACA302979820}.SingleImage|x86.Build.0 = PRODUCTION|x86
		{27AB551E-D67F-4B03-BAB5-E7172E105217}.CD_ROM|Any CPU.ActiveCfg = Release|Any CPU
		{27AB551E-D67F-4B03-BAB5-E7172E105217}.CD_ROM|Any CPU.Build.0 = Release|Any CPU
		{27AB551E-D67F-4B03-BAB5-E7172E105217}.CD_ROM|x86.ActiveCfg = Release|x86
		{27AB551E-D67F-4B03-BAB5-E7172E105217}.CD_ROM|x86.Build.0 = Release|x86
		{27AB551E-D67F-4B03-BAB5-E7172E105217}.Debug|Any CPU.ActiveCfg = Debug|Any CPU
		{27AB551E-D67F-4B03-BAB5-E7172E105217}.Debug|Any CPU.Build.0 = Debug|Any CPU
		{27AB551E-D67F-4B03-BAB5-E7172E105217}.Debug|x86.ActiveCfg = Debug|x86
		{27AB551E-D67F-4B03-BAB5-E7172E105217}.Debug|x86.Build.0 = Debug|x86
		{27AB551E-D67F-4B03-BAB5-E7172E105217}.DVD-5|Any CPU.ActiveCfg = Debug|Any CPU
		{27AB551E-D67F-4B03-BAB5-E7172E105217}.DVD-5|Any CPU.Build.0 = Debug|Any CPU
		{27AB551E-D67F-4B03-BAB5-E7172E105217}.DVD-5|x86.ActiveCfg = Debug|x86
		{27AB551E-D67F-4B03-BAB5-E7172E105217}.DVD-5|x86.Build.0 = Debug|x86
		{27AB551E-D67F-4B03-BAB5-E7172E105217}.PRODUCTION|Any CPU.ActiveCfg = Release|Any CPU
		{27AB551E-D67F-4B03-BAB5-E7172E105217}.PRODUCTION|Any CPU.Build.0 = Release|Any CPU
		{27AB551E-D67F-4B03-BAB5-E7172E105217}.PRODUCTION|x86.ActiveCfg = Release|x86
		{27AB551E-D67F-4B03-BAB5-E7172E105217}.PRODUCTION|x86.Build.0 = Release|x86
		{27AB551E-D67F-4B03-BAB5-E7172E105217}.Release|Any CPU.ActiveCfg = Release|Any CPU
		{27AB551E-D67F-4B03-BAB5-E7172E105217}.Release|Any CPU.Build.0 = Release|Any CPU
		{27AB551E-D67F-4B03-BAB5-E7172E105217}.Release|x86.ActiveCfg = Release|x86
		{27AB551E-D67F-4B03-BAB5-E7172E105217}.Release|x86.Build.0 = Release|x86
		{27AB551E-D67F-4B03-BAB5-E7172E105217}.SingleImage|Any CPU.ActiveCfg = Release|Any CPU
		{27AB551E-D67F-4B03-BAB5-E7172E105217}.SingleImage|Any CPU.Build.0 = Release|Any CPU
		{27AB551E-D67F-4B03-BAB5-E7172E105217}.SingleImage|x86.ActiveCfg = Release|x86
		{27AB551E-D67F-4B03-BAB5-E7172E105217}.SingleImage|x86.Build.0 = Release|x86
		{4616369F-A6A3-4192-93A9-23B3E6E2D0BC}.CD_ROM|Any CPU.ActiveCfg = Release|Any CPU
		{4616369F-A6A3-4192-93A9-23B3E6E2D0BC}.CD_ROM|Any CPU.Build.0 = Release|Any CPU
		{4616369F-A6A3-4192-93A9-23B3E6E2D0BC}.CD_ROM|x86.ActiveCfg = Release|x86
		{4616369F-A6A3-4192-93A9-23B3E6E2D0BC}.CD_ROM|x86.Build.0 = Release|x86
		{4616369F-A6A3-4192-93A9-23B3E6E2D0BC}.Debug|Any CPU.ActiveCfg = Debug|Any CPU
		{4616369F-A6A3-4192-93A9-23B3E6E2D0BC}.Debug|Any CPU.Build.0 = Debug|Any CPU
		{4616369F-A6A3-4192-93A9-23B3E6E2D0BC}.Debug|x86.ActiveCfg = Debug|x86
		{4616369F-A6A3-4192-93A9-23B3E6E2D0BC}.Debug|x86.Build.0 = Debug|x86
		{4616369F-A6A3-4192-93A9-23B3E6E2D0BC}.DVD-5|Any CPU.ActiveCfg = Debug|Any CPU
		{4616369F-A6A3-4192-93A9-23B3E6E2D0BC}.DVD-5|Any CPU.Build.0 = Debug|Any CPU
		{4616369F-A6A3-4192-93A9-23B3E6E2D0BC}.DVD-5|x86.ActiveCfg = Debug|x86
		{4616369F-A6A3-4192-93A9-23B3E6E2D0BC}.DVD-5|x86.Build.0 = Debug|x86
		{4616369F-A6A3-4192-93A9-23B3E6E2D0BC}.PRODUCTION|Any CPU.ActiveCfg = Release|Any CPU
		{4616369F-A6A3-4192-93A9-23B3E6E2D0BC}.PRODUCTION|Any CPU.Build.0 = Release|Any CPU
		{4616369F-A6A3-4192-93A9-23B3E6E2D0BC}.PRODUCTION|x86.ActiveCfg = Release|x86
		{4616369F-A6A3-4192-93A9-23B3E6E2D0BC}.PRODUCTION|x86.Build.0 = Release|x86
		{4616369F-A6A3-4192-93A9-23B3E6E2D0BC}.Release|Any CPU.ActiveCfg = Release|Any CPU
		{4616369F-A6A3-4192-93A9-23B3E6E2D0BC}.Release|Any CPU.Build.0 = Release|Any CPU
		{4616369F-A6A3-4192-93A9-23B3E6E2D0BC}.Release|x86.ActiveCfg = Release|x86
		{4616369F-A6A3-4192-93A9-23B3E6E2D0BC}.Release|x86.Build.0 = Release|x86
		{4616369F-A6A3-4192-93A9-23B3E6E2D0BC}.SingleImage|Any CPU.ActiveCfg = Release|Any CPU
		{4616369F-A6A3-4192-93A9-23B3E6E2D0BC}.SingleImage|Any CPU.Build.0 = Release|Any CPU
		{4616369F-A6A3-4192-93A9-23B3E6E2D0BC}.SingleImage|x86.ActiveCfg = Release|x86
		{4616369F-A6A3-4192-93A9-23B3E6E2D0BC}.SingleImage|x86.Build.0 = Release|x86
		{A60A18F5-309D-4AB5-987B-E88A94E8A3EB}.CD_ROM|Any CPU.ActiveCfg = Release|Any CPU
		{A60A18F5-309D-4AB5-987B-E88A94E8A3EB}.CD_ROM|Any CPU.Build.0 = Release|Any CPU
		{A60A18F5-309D-4AB5-987B-E88A94E8A3EB}.CD_ROM|x86.ActiveCfg = Release|Any CPU
		{A60A18F5-309D-4AB5-987B-E88A94E8A3EB}.Debug|Any CPU.ActiveCfg = Debug|Any CPU
		{A60A18F5-309D-4AB5-987B-E88A94E8A3EB}.Debug|Any CPU.Build.0 = Debug|Any CPU
		{A60A18F5-309D-4AB5-987B-E88A94E8A3EB}.Debug|x86.ActiveCfg = Debug|Any CPU
		{A60A18F5-309D-4AB5-987B-E88A94E8A3EB}.DVD-5|Any CPU.ActiveCfg = Debug|Any CPU
		{A60A18F5-309D-4AB5-987B-E88A94E8A3EB}.DVD-5|Any CPU.Build.0 = Debug|Any CPU
		{A60A18F5-309D-4AB5-987B-E88A94E8A3EB}.DVD-5|x86.ActiveCfg = Debug|Any CPU
		{A60A18F5-309D-4AB5-987B-E88A94E8A3EB}.PRODUCTION|Any CPU.ActiveCfg = Release|Any CPU
		{A60A18F5-309D-4AB5-987B-E88A94E8A3EB}.PRODUCTION|Any CPU.Build.0 = Release|Any CPU
		{A60A18F5-309D-4AB5-987B-E88A94E8A3EB}.PRODUCTION|x86.ActiveCfg = Release|Any CPU
		{A60A18F5-309D-4AB5-987B-E88A94E8A3EB}.Release|Any CPU.ActiveCfg = Release|Any CPU
		{A60A18F5-309D-4AB5-987B-E88A94E8A3EB}.Release|Any CPU.Build.0 = Release|Any CPU
		{A60A18F5-309D-4AB5-987B-E88A94E8A3EB}.Release|x86.ActiveCfg = Release|Any CPU
		{A60A18F5-309D-4AB5-987B-E88A94E8A3EB}.SingleImage|Any CPU.ActiveCfg = Release|Any CPU
		{A60A18F5-309D-4AB5-987B-E88A94E8A3EB}.SingleImage|Any CPU.Build.0 = Release|Any CPU
		{A60A18F5-309D-4AB5-987B-E88A94E8A3EB}.SingleImage|x86.ActiveCfg = Release|Any CPU
	EndGlobalSection
	GlobalSection(SolutionProperties) = preSolution
		HideSolutionNode = FALSE
	EndGlobalSection
EndGlobal
