
Microsoft Visual Studio Solution File, Format Version 12.00
# Visual Studio 2013
VisualStudioVersion = 12.0.40629.0
MinimumVisualStudioVersion = 10.0.40219.1
Project("{F184B08F-C81C-45F6-A57F-5ABD9991F28F}") = "QualiSys Scanner Interface", "QualiSys Scanner Interface\QualiSys Scanner Interface.vbproj", "{E1AC3AE7-1B49-4B1A-9CB8-BD11E0C1E1A9}"
EndProject
Project("{F184B08F-C81C-45F6-A57F-5ABD9991F28F}") = "QualiSys.Library", "..\QualiSys Class Library Solution\QualiSys.Library\QualiSys.Library.vbproj", "{191D0C34-FF61-47A6-852F-7FD91D50AD72}"
EndProject
Project("{F184B08F-C81C-45F6-A57F-5ABD9991F28F}") = "QualiSys.Library.SqlDataProvider", "..\QualiSys Class Library Solution\QualiSys.Library.SqlDataProvider\QualiSys.Library.SqlDataProvider.vbproj", "{31F9022F-D830-410D-90AE-98C59F34E552}"
EndProject
Project("{F184B08F-C81C-45F6-A57F-5ABD9991F28F}") = "QualiSys Scanner Interface Service", "QualiSys Scanner Interface Service\QualiSys Scanner Interface Service.vbproj", "{98F3259B-BEE7-443C-BD1F-E203640A909F}"
EndProject
Project("{F184B08F-C81C-45F6-A57F-5ABD9991F28F}") = "QSI Services Tester", "QSI Services Tester\QSI Services Tester.vbproj", "{335082B3-2793-464C-A80A-669C6E78C5FD}"
EndProject
Project("{F184B08F-C81C-45F6-A57F-5ABD9991F28F}") = "QualiSys.Scanning.Library", "..\QualiSys Class Library Solution\QualiSys.Scanning.Library\QualiSys.Scanning.Library.vbproj", "{8ACF6F70-0A74-4443-BAD9-BD91CE4C5D39}"
EndProject
Project("{F184B08F-C81C-45F6-A57F-5ABD9991F28F}") = "QualiSys.Scanning.Library.SqlDataProvider", "..\QualiSys Class Library Solution\QualiSys.Scanning.Library.SqlDataProvider\QualiSys.Scanning.Library.SqlDataProvider.vbproj", "{43B1C31C-3D06-407A-AD35-30256C8B9C6E}"
EndProject
Project("{F184B08F-C81C-45F6-A57F-5ABD9991F28F}") = "NRCAuthlib", "..\NRC Auth Solution\NRCAuthLib\NRCAuthlib.vbproj", "{6ED47CEB-9896-4BE5-A7F2-CF2A5693F1ED}"
EndProject
Project("{F184B08F-C81C-45F6-A57F-5ABD9991F28F}") = "Nrc.Framework", "..\NRC Framework Solution\Nrc.Framework\Nrc.Framework.vbproj", "{4616369F-A6A3-4192-93A9-23B3E6E2D0BC}"
EndProject
Project("{F184B08F-C81C-45F6-A57F-5ABD9991F28F}") = "Nrc.Framework.BusinessLogic", "..\NRC Framework Solution\Nrc.Framework.BusinessLogic\Nrc.Framework.BusinessLogic.vbproj", "{C5A6EE1A-D5BF-4059-87CF-ACA302979820}"
EndProject
Project("{F184B08F-C81C-45F6-A57F-5ABD9991F28F}") = "Nrc.Framework.Notification", "..\NRC Framework Solution\Nrc.Framework.Notification\Nrc.Framework.Notification.vbproj", "{27AB551E-D67F-4B03-BAB5-E7172E105217}"
EndProject
Project("{F184B08F-C81C-45F6-A57F-5ABD9991F28F}") = "QSIVendorFileService", "QSIVendorFileService\QSIVendorFileService.vbproj", "{781C74C6-EFAE-4203-AD99-28977BF3E463}"
EndProject
Project("{F184B08F-C81C-45F6-A57F-5ABD9991F28F}") = "QSITranferResultsService", "QSITranferResultsService\QSITranferResultsService.vbproj", "{C9A3D812-C6E0-4579-97E7-7D2AA95D32AB}"
EndProject
Project("{F184B08F-C81C-45F6-A57F-5ABD9991F28F}") = "QSIVoviciService", "QSIVoviciService\QSIVoviciService.vbproj", "{DDC6D010-61DB-48AD-97F9-3DDA767AE215}"
EndProject
Project("{F184B08F-C81C-45F6-A57F-5ABD9991F28F}") = "QSIPhoneCancelFileMoverService", "QSIPhoneCancelFileMoverService\QSIPhoneCancelFileMoverService.vbproj", "{C0F7F8B6-6084-4C74-8AB4-C282DFDF6CC3}"
EndProject
Project("{F184B08F-C81C-45F6-A57F-5ABD9991F28F}") = "QSIFileMoverService", "QSIFileMoverService\QSIFileMoverService.vbproj", "{77B6D8B0-1482-4759-B6B0-ECFE2FADF718}"
EndProject
Project("{2150E333-8FDC-42A3-9474-1A3956D46DE8}") = "QSI Services", "QSI Services", "{F981FBBE-10A8-4EF5-A12A-47AECDCAFA99}"
EndProject
Project("{2150E333-8FDC-42A3-9474-1A3956D46DE8}") = ".nuget", ".nuget", "{54A729E1-5184-45B7-826D-A15C1C3BB4DC}"
	ProjectSection(SolutionItems) = preProject
		.nuget\NuGet.Config = .nuget\NuGet.Config
		.nuget\NuGet.exe = .nuget\NuGet.exe
		.nuget\NuGet.targets = .nuget\NuGet.targets
	EndProjectSection
EndProject
Global
	GlobalSection(SolutionConfigurationPlatforms) = preSolution
		Debug|Any CPU = Debug|Any CPU
		Debug|x86 = Debug|x86
		Release|Any CPU = Release|Any CPU
		Release|x86 = Release|x86
	EndGlobalSection
	GlobalSection(ProjectConfigurationPlatforms) = postSolution
		{E1AC3AE7-1B49-4B1A-9CB8-BD11E0C1E1A9}.Debug|Any CPU.ActiveCfg = Debug|x86
		{E1AC3AE7-1B49-4B1A-9CB8-BD11E0C1E1A9}.Debug|Any CPU.Build.0 = Debug|x86
		{E1AC3AE7-1B49-4B1A-9CB8-BD11E0C1E1A9}.Debug|x86.ActiveCfg = Debug|x86
		{E1AC3AE7-1B49-4B1A-9CB8-BD11E0C1E1A9}.Debug|x86.Build.0 = Debug|x86
		{E1AC3AE7-1B49-4B1A-9CB8-BD11E0C1E1A9}.Release|Any CPU.ActiveCfg = Release|Any CPU
		{E1AC3AE7-1B49-4B1A-9CB8-BD11E0C1E1A9}.Release|Any CPU.Build.0 = Release|Any CPU
		{E1AC3AE7-1B49-4B1A-9CB8-BD11E0C1E1A9}.Release|x86.ActiveCfg = Release|x86
		{E1AC3AE7-1B49-4B1A-9CB8-BD11E0C1E1A9}.Release|x86.Build.0 = Release|x86
		{191D0C34-FF61-47A6-852F-7FD91D50AD72}.Debug|Any CPU.ActiveCfg = Debug|x86
		{191D0C34-FF61-47A6-852F-7FD91D50AD72}.Debug|Any CPU.Build.0 = Debug|x86
		{191D0C34-FF61-47A6-852F-7FD91D50AD72}.Debug|x86.ActiveCfg = Debug|x86
		{191D0C34-FF61-47A6-852F-7FD91D50AD72}.Debug|x86.Build.0 = Debug|x86
		{191D0C34-FF61-47A6-852F-7FD91D50AD72}.Release|Any CPU.ActiveCfg = Release|Any CPU
		{191D0C34-FF61-47A6-852F-7FD91D50AD72}.Release|Any CPU.Build.0 = Release|Any CPU
		{191D0C34-FF61-47A6-852F-7FD91D50AD72}.Release|x86.ActiveCfg = Release|x86
		{191D0C34-FF61-47A6-852F-7FD91D50AD72}.Release|x86.Build.0 = Release|x86
		{31F9022F-D830-410D-90AE-98C59F34E552}.Debug|Any CPU.ActiveCfg = Debug|x86
		{31F9022F-D830-410D-90AE-98C59F34E552}.Debug|Any CPU.Build.0 = Debug|x86
		{31F9022F-D830-410D-90AE-98C59F34E552}.Debug|x86.ActiveCfg = Debug|x86
		{31F9022F-D830-410D-90AE-98C59F34E552}.Debug|x86.Build.0 = Debug|x86
		{31F9022F-D830-410D-90AE-98C59F34E552}.Release|Any CPU.ActiveCfg = Release|Any CPU
		{31F9022F-D830-410D-90AE-98C59F34E552}.Release|Any CPU.Build.0 = Release|Any CPU
		{31F9022F-D830-410D-90AE-98C59F34E552}.Release|x86.ActiveCfg = Release|x86
		{31F9022F-D830-410D-90AE-98C59F34E552}.Release|x86.Build.0 = Release|x86
		{98F3259B-BEE7-443C-BD1F-E203640A909F}.Debug|Any CPU.ActiveCfg = Debug|x86
		{98F3259B-BEE7-443C-BD1F-E203640A909F}.Debug|Any CPU.Build.0 = Debug|x86
		{98F3259B-BEE7-443C-BD1F-E203640A909F}.Debug|x86.ActiveCfg = Debug|x86
		{98F3259B-BEE7-443C-BD1F-E203640A909F}.Debug|x86.Build.0 = Debug|x86
		{98F3259B-BEE7-443C-BD1F-E203640A909F}.Release|Any CPU.ActiveCfg = Release|Any CPU
		{98F3259B-BEE7-443C-BD1F-E203640A909F}.Release|Any CPU.Build.0 = Release|Any CPU
		{98F3259B-BEE7-443C-BD1F-E203640A909F}.Release|x86.ActiveCfg = Release|x86
		{98F3259B-BEE7-443C-BD1F-E203640A909F}.Release|x86.Build.0 = Release|x86
		{335082B3-2793-464C-A80A-669C6E78C5FD}.Debug|Any CPU.ActiveCfg = Debug|x86
		{335082B3-2793-464C-A80A-669C6E78C5FD}.Debug|Any CPU.Build.0 = Debug|x86
		{335082B3-2793-464C-A80A-669C6E78C5FD}.Debug|x86.ActiveCfg = Debug|x86
		{335082B3-2793-464C-A80A-669C6E78C5FD}.Debug|x86.Build.0 = Debug|x86
		{335082B3-2793-464C-A80A-669C6E78C5FD}.Release|Any CPU.ActiveCfg = Release|Any CPU
		{335082B3-2793-464C-A80A-669C6E78C5FD}.Release|Any CPU.Build.0 = Release|Any CPU
		{335082B3-2793-464C-A80A-669C6E78C5FD}.Release|x86.ActiveCfg = Release|x86
		{335082B3-2793-464C-A80A-669C6E78C5FD}.Release|x86.Build.0 = Release|x86
		{8ACF6F70-0A74-4443-BAD9-BD91CE4C5D39}.Debug|Any CPU.ActiveCfg = Debug|x86
		{8ACF6F70-0A74-4443-BAD9-BD91CE4C5D39}.Debug|Any CPU.Build.0 = Debug|x86
		{8ACF6F70-0A74-4443-BAD9-BD91CE4C5D39}.Debug|x86.ActiveCfg = Debug|x86
		{8ACF6F70-0A74-4443-BAD9-BD91CE4C5D39}.Debug|x86.Build.0 = Debug|x86
		{8ACF6F70-0A74-4443-BAD9-BD91CE4C5D39}.Release|Any CPU.ActiveCfg = Release|Any CPU
		{8ACF6F70-0A74-4443-BAD9-BD91CE4C5D39}.Release|Any CPU.Build.0 = Release|Any CPU
		{8ACF6F70-0A74-4443-BAD9-BD91CE4C5D39}.Release|x86.ActiveCfg = Release|x86
		{8ACF6F70-0A74-4443-BAD9-BD91CE4C5D39}.Release|x86.Build.0 = Release|x86
		{43B1C31C-3D06-407A-AD35-30256C8B9C6E}.Debug|Any CPU.ActiveCfg = Debug|x86
		{43B1C31C-3D06-407A-AD35-30256C8B9C6E}.Debug|Any CPU.Build.0 = Debug|x86
		{43B1C31C-3D06-407A-AD35-30256C8B9C6E}.Debug|x86.ActiveCfg = Debug|x86
		{43B1C31C-3D06-407A-AD35-30256C8B9C6E}.Debug|x86.Build.0 = Debug|x86
		{43B1C31C-3D06-407A-AD35-30256C8B9C6E}.Release|Any CPU.ActiveCfg = Release|Any CPU
		{43B1C31C-3D06-407A-AD35-30256C8B9C6E}.Release|Any CPU.Build.0 = Release|Any CPU
		{43B1C31C-3D06-407A-AD35-30256C8B9C6E}.Release|x86.ActiveCfg = Release|x86
		{43B1C31C-3D06-407A-AD35-30256C8B9C6E}.Release|x86.Build.0 = Release|x86
		{6ED47CEB-9896-4BE5-A7F2-CF2A5693F1ED}.Debug|Any CPU.ActiveCfg = Debug|Any CPU
		{6ED47CEB-9896-4BE5-A7F2-CF2A5693F1ED}.Debug|Any CPU.Build.0 = Debug|Any CPU
		{6ED47CEB-9896-4BE5-A7F2-CF2A5693F1ED}.Debug|x86.ActiveCfg = Debug|x86
		{6ED47CEB-9896-4BE5-A7F2-CF2A5693F1ED}.Debug|x86.Build.0 = Debug|x86
		{6ED47CEB-9896-4BE5-A7F2-CF2A5693F1ED}.Release|Any CPU.ActiveCfg = Release|Any CPU
		{6ED47CEB-9896-4BE5-A7F2-CF2A5693F1ED}.Release|Any CPU.Build.0 = Release|Any CPU
		{6ED47CEB-9896-4BE5-A7F2-CF2A5693F1ED}.Release|x86.ActiveCfg = Release|x86
		{6ED47CEB-9896-4BE5-A7F2-CF2A5693F1ED}.Release|x86.Build.0 = Release|x86
		{4616369F-A6A3-4192-93A9-23B3E6E2D0BC}.Debug|Any CPU.ActiveCfg = Debug|Any CPU
		{4616369F-A6A3-4192-93A9-23B3E6E2D0BC}.Debug|Any CPU.Build.0 = Debug|Any CPU
		{4616369F-A6A3-4192-93A9-23B3E6E2D0BC}.Debug|x86.ActiveCfg = Debug|x86
		{4616369F-A6A3-4192-93A9-23B3E6E2D0BC}.Debug|x86.Build.0 = Debug|x86
		{4616369F-A6A3-4192-93A9-23B3E6E2D0BC}.Release|Any CPU.ActiveCfg = Release|Any CPU
		{4616369F-A6A3-4192-93A9-23B3E6E2D0BC}.Release|Any CPU.Build.0 = Release|Any CPU
		{4616369F-A6A3-4192-93A9-23B3E6E2D0BC}.Release|x86.ActiveCfg = Release|x86
		{4616369F-A6A3-4192-93A9-23B3E6E2D0BC}.Release|x86.Build.0 = Release|x86
		{C5A6EE1A-D5BF-4059-87CF-ACA302979820}.Debug|Any CPU.ActiveCfg = Debug|Any CPU
		{C5A6EE1A-D5BF-4059-87CF-ACA302979820}.Debug|Any CPU.Build.0 = Debug|Any CPU
		{C5A6EE1A-D5BF-4059-87CF-ACA302979820}.Debug|x86.ActiveCfg = Debug|x86
		{C5A6EE1A-D5BF-4059-87CF-ACA302979820}.Debug|x86.Build.0 = Debug|x86
		{C5A6EE1A-D5BF-4059-87CF-ACA302979820}.Release|Any CPU.ActiveCfg = Release|Any CPU
		{C5A6EE1A-D5BF-4059-87CF-ACA302979820}.Release|Any CPU.Build.0 = Release|Any CPU
		{C5A6EE1A-D5BF-4059-87CF-ACA302979820}.Release|x86.ActiveCfg = Release|x86
		{C5A6EE1A-D5BF-4059-87CF-ACA302979820}.Release|x86.Build.0 = Release|x86
		{27AB551E-D67F-4B03-BAB5-E7172E105217}.Debug|Any CPU.ActiveCfg = Debug|Any CPU
		{27AB551E-D67F-4B03-BAB5-E7172E105217}.Debug|Any CPU.Build.0 = Debug|Any CPU
		{27AB551E-D67F-4B03-BAB5-E7172E105217}.Debug|x86.ActiveCfg = Debug|x86
		{27AB551E-D67F-4B03-BAB5-E7172E105217}.Debug|x86.Build.0 = Debug|x86
		{27AB551E-D67F-4B03-BAB5-E7172E105217}.Release|Any CPU.ActiveCfg = Release|Any CPU
		{27AB551E-D67F-4B03-BAB5-E7172E105217}.Release|Any CPU.Build.0 = Release|Any CPU
		{27AB551E-D67F-4B03-BAB5-E7172E105217}.Release|x86.ActiveCfg = Release|x86
		{27AB551E-D67F-4B03-BAB5-E7172E105217}.Release|x86.Build.0 = Release|x86
		{781C74C6-EFAE-4203-AD99-28977BF3E463}.Debug|Any CPU.ActiveCfg = Debug|Any CPU
		{781C74C6-EFAE-4203-AD99-28977BF3E463}.Debug|Any CPU.Build.0 = Debug|Any CPU
		{781C74C6-EFAE-4203-AD99-28977BF3E463}.Debug|x86.ActiveCfg = Debug|x86
		{781C74C6-EFAE-4203-AD99-28977BF3E463}.Debug|x86.Build.0 = Debug|x86
		{781C74C6-EFAE-4203-AD99-28977BF3E463}.Release|Any CPU.ActiveCfg = Release|Any CPU
		{781C74C6-EFAE-4203-AD99-28977BF3E463}.Release|Any CPU.Build.0 = Release|Any CPU
		{781C74C6-EFAE-4203-AD99-28977BF3E463}.Release|x86.ActiveCfg = Release|x86
		{781C74C6-EFAE-4203-AD99-28977BF3E463}.Release|x86.Build.0 = Release|x86
		{C9A3D812-C6E0-4579-97E7-7D2AA95D32AB}.Debug|Any CPU.ActiveCfg = Debug|Any CPU
		{C9A3D812-C6E0-4579-97E7-7D2AA95D32AB}.Debug|Any CPU.Build.0 = Debug|Any CPU
		{C9A3D812-C6E0-4579-97E7-7D2AA95D32AB}.Debug|x86.ActiveCfg = Debug|x86
		{C9A3D812-C6E0-4579-97E7-7D2AA95D32AB}.Debug|x86.Build.0 = Debug|x86
		{C9A3D812-C6E0-4579-97E7-7D2AA95D32AB}.Release|Any CPU.ActiveCfg = Release|Any CPU
		{C9A3D812-C6E0-4579-97E7-7D2AA95D32AB}.Release|Any CPU.Build.0 = Release|Any CPU
		{C9A3D812-C6E0-4579-97E7-7D2AA95D32AB}.Release|x86.ActiveCfg = Release|x86
		{C9A3D812-C6E0-4579-97E7-7D2AA95D32AB}.Release|x86.Build.0 = Release|x86
		{DDC6D010-61DB-48AD-97F9-3DDA767AE215}.Debug|Any CPU.ActiveCfg = Debug|Any CPU
		{DDC6D010-61DB-48AD-97F9-3DDA767AE215}.Debug|Any CPU.Build.0 = Debug|Any CPU
		{DDC6D010-61DB-48AD-97F9-3DDA767AE215}.Debug|x86.ActiveCfg = Debug|x86
		{DDC6D010-61DB-48AD-97F9-3DDA767AE215}.Debug|x86.Build.0 = Debug|x86
		{DDC6D010-61DB-48AD-97F9-3DDA767AE215}.Release|Any CPU.ActiveCfg = Release|Any CPU
		{DDC6D010-61DB-48AD-97F9-3DDA767AE215}.Release|Any CPU.Build.0 = Release|Any CPU
		{DDC6D010-61DB-48AD-97F9-3DDA767AE215}.Release|x86.ActiveCfg = Release|x86
		{DDC6D010-61DB-48AD-97F9-3DDA767AE215}.Release|x86.Build.0 = Release|x86
		{C0F7F8B6-6084-4C74-8AB4-C282DFDF6CC3}.Debug|Any CPU.ActiveCfg = Debug|Any CPU
		{C0F7F8B6-6084-4C74-8AB4-C282DFDF6CC3}.Debug|Any CPU.Build.0 = Debug|Any CPU
		{C0F7F8B6-6084-4C74-8AB4-C282DFDF6CC3}.Debug|x86.ActiveCfg = Debug|x86
		{C0F7F8B6-6084-4C74-8AB4-C282DFDF6CC3}.Debug|x86.Build.0 = Debug|x86
		{C0F7F8B6-6084-4C74-8AB4-C282DFDF6CC3}.Release|Any CPU.ActiveCfg = Release|Any CPU
		{C0F7F8B6-6084-4C74-8AB4-C282DFDF6CC3}.Release|Any CPU.Build.0 = Release|Any CPU
		{C0F7F8B6-6084-4C74-8AB4-C282DFDF6CC3}.Release|x86.ActiveCfg = Release|x86
		{C0F7F8B6-6084-4C74-8AB4-C282DFDF6CC3}.Release|x86.Build.0 = Release|x86
		{77B6D8B0-1482-4759-B6B0-ECFE2FADF718}.Debug|Any CPU.ActiveCfg = Debug|Any CPU
		{77B6D8B0-1482-4759-B6B0-ECFE2FADF718}.Debug|Any CPU.Build.0 = Debug|Any CPU
		{77B6D8B0-1482-4759-B6B0-ECFE2FADF718}.Debug|x86.ActiveCfg = Debug|x86
		{77B6D8B0-1482-4759-B6B0-ECFE2FADF718}.Debug|x86.Build.0 = Debug|x86
		{77B6D8B0-1482-4759-B6B0-ECFE2FADF718}.Release|Any CPU.ActiveCfg = Release|Any CPU
		{77B6D8B0-1482-4759-B6B0-ECFE2FADF718}.Release|Any CPU.Build.0 = Release|Any CPU
		{77B6D8B0-1482-4759-B6B0-ECFE2FADF718}.Release|x86.ActiveCfg = Release|x86
		{77B6D8B0-1482-4759-B6B0-ECFE2FADF718}.Release|x86.Build.0 = Release|x86
	EndGlobalSection
	GlobalSection(SolutionProperties) = preSolution
		HideSolutionNode = FALSE
	EndGlobalSection
	GlobalSection(NestedProjects) = preSolution
		{781C74C6-EFAE-4203-AD99-28977BF3E463} = {F981FBBE-10A8-4EF5-A12A-47AECDCAFA99}
		{C9A3D812-C6E0-4579-97E7-7D2AA95D32AB} = {F981FBBE-10A8-4EF5-A12A-47AECDCAFA99}
		{DDC6D010-61DB-48AD-97F9-3DDA767AE215} = {F981FBBE-10A8-4EF5-A12A-47AECDCAFA99}
		{C0F7F8B6-6084-4C74-8AB4-C282DFDF6CC3} = {F981FBBE-10A8-4EF5-A12A-47AECDCAFA99}
		{77B6D8B0-1482-4759-B6B0-ECFE2FADF718} = {F981FBBE-10A8-4EF5-A12A-47AECDCAFA99}
	EndGlobalSection
EndGlobal
